// !$*UTF8*$!
{
	archiveVersion = 1;
	classes = {
	};
	objectVersion = 46;
	objects = {

/* Begin PBXBuildFile section */
		OBJ_137 /* Logger.swift in Sources */ = {isa = PBXBuildFile; fileRef = OBJ_121 /* Logger.swift */; };
		OBJ_144 /* Socket.swift in Sources */ = {isa = PBXBuildFile; fileRef = OBJ_116 /* Socket.swift */; };
		OBJ_145 /* SocketProtocols.swift in Sources */ = {isa = PBXBuildFile; fileRef = OBJ_117 /* SocketProtocols.swift */; };
		OBJ_146 /* SocketUtils.swift in Sources */ = {isa = PBXBuildFile; fileRef = OBJ_118 /* SocketUtils.swift */; };
		OBJ_153 /* SSLService.swift in Sources */ = {isa = PBXBuildFile; fileRef = OBJ_113 /* SSLService.swift */; };
		OBJ_155 /* Socket.framework in Frameworks */ = {isa = PBXBuildFile; fileRef = OBJ_124 /* Socket.framework */; };
		OBJ_162 /* BufferList.swift in Sources */ = {isa = PBXBuildFile; fileRef = OBJ_67 /* BufferList.swift */; };
		OBJ_163 /* ClientRequest.swift in Sources */ = {isa = PBXBuildFile; fileRef = OBJ_68 /* ClientRequest.swift */; };
		OBJ_164 /* ClientResponse.swift in Sources */ = {isa = PBXBuildFile; fileRef = OBJ_69 /* ClientResponse.swift */; };
		OBJ_165 /* ConnectionUpgradeFactory.swift in Sources */ = {isa = PBXBuildFile; fileRef = OBJ_70 /* ConnectionUpgradeFactory.swift */; };
		OBJ_166 /* ConnectionUpgrader.swift in Sources */ = {isa = PBXBuildFile; fileRef = OBJ_71 /* ConnectionUpgrader.swift */; };
		OBJ_167 /* Error.swift in Sources */ = {isa = PBXBuildFile; fileRef = OBJ_72 /* Error.swift */; };
		OBJ_168 /* HeadersContainer.swift in Sources */ = {isa = PBXBuildFile; fileRef = OBJ_73 /* HeadersContainer.swift */; };
		OBJ_169 /* IncomingSocketHandler.swift in Sources */ = {isa = PBXBuildFile; fileRef = OBJ_74 /* IncomingSocketHandler.swift */; };
		OBJ_170 /* IncomingSocketManager.swift in Sources */ = {isa = PBXBuildFile; fileRef = OBJ_75 /* IncomingSocketManager.swift */; };
		OBJ_171 /* IncomingSocketProcessor.swift in Sources */ = {isa = PBXBuildFile; fileRef = OBJ_76 /* IncomingSocketProcessor.swift */; };
		OBJ_172 /* ListenerGroup.swift in Sources */ = {isa = PBXBuildFile; fileRef = OBJ_77 /* ListenerGroup.swift */; };
		OBJ_173 /* ServerRequest.swift in Sources */ = {isa = PBXBuildFile; fileRef = OBJ_78 /* ServerRequest.swift */; };
		OBJ_174 /* ServerResponse.swift in Sources */ = {isa = PBXBuildFile; fileRef = OBJ_79 /* ServerResponse.swift */; };
		OBJ_175 /* SPIUtils.swift in Sources */ = {isa = PBXBuildFile; fileRef = OBJ_80 /* SPIUtils.swift */; };
		OBJ_176 /* FastCGI.swift in Sources */ = {isa = PBXBuildFile; fileRef = OBJ_82 /* FastCGI.swift */; };
		OBJ_177 /* FastCGIRecordCreate.swift in Sources */ = {isa = PBXBuildFile; fileRef = OBJ_83 /* FastCGIRecordCreate.swift */; };
		OBJ_178 /* FastCGIRecordParser.swift in Sources */ = {isa = PBXBuildFile; fileRef = OBJ_84 /* FastCGIRecordParser.swift */; };
		OBJ_179 /* FastCGIServer.swift in Sources */ = {isa = PBXBuildFile; fileRef = OBJ_85 /* FastCGIServer.swift */; };
		OBJ_180 /* FastCGIServerRequest.swift in Sources */ = {isa = PBXBuildFile; fileRef = OBJ_86 /* FastCGIServerRequest.swift */; };
		OBJ_181 /* FastCGIServerResponse.swift in Sources */ = {isa = PBXBuildFile; fileRef = OBJ_87 /* FastCGIServerResponse.swift */; };
		OBJ_182 /* HTTP.swift in Sources */ = {isa = PBXBuildFile; fileRef = OBJ_89 /* HTTP.swift */; };
		OBJ_183 /* HTTPServer.swift in Sources */ = {isa = PBXBuildFile; fileRef = OBJ_90 /* HTTPServer.swift */; };
		OBJ_184 /* HTTPServerRequest.swift in Sources */ = {isa = PBXBuildFile; fileRef = OBJ_91 /* HTTPServerRequest.swift */; };
		OBJ_185 /* HTTPServerResponse.swift in Sources */ = {isa = PBXBuildFile; fileRef = OBJ_92 /* HTTPServerResponse.swift */; };
		OBJ_186 /* IncomingHTTPSocketProcessor.swift in Sources */ = {isa = PBXBuildFile; fileRef = OBJ_93 /* IncomingHTTPSocketProcessor.swift */; };
		OBJ_187 /* HTTPParser.swift in Sources */ = {isa = PBXBuildFile; fileRef = OBJ_95 /* HTTPParser.swift */; };
		OBJ_188 /* HTTPParserStatus.swift in Sources */ = {isa = PBXBuildFile; fileRef = OBJ_96 /* HTTPParserStatus.swift */; };
		OBJ_189 /* ParseResults.swift in Sources */ = {isa = PBXBuildFile; fileRef = OBJ_97 /* ParseResults.swift */; };
		OBJ_190 /* URLParser.swift in Sources */ = {isa = PBXBuildFile; fileRef = OBJ_98 /* URLParser.swift */; };
		OBJ_191 /* Server.swift in Sources */ = {isa = PBXBuildFile; fileRef = OBJ_100 /* Server.swift */; };
		OBJ_192 /* ServerDelegate.swift in Sources */ = {isa = PBXBuildFile; fileRef = OBJ_101 /* ServerDelegate.swift */; };
		OBJ_193 /* ServerLifecycleListener.swift in Sources */ = {isa = PBXBuildFile; fileRef = OBJ_102 /* ServerLifecycleListener.swift */; };
		OBJ_194 /* ServerMonitor.swift in Sources */ = {isa = PBXBuildFile; fileRef = OBJ_103 /* ServerMonitor.swift */; };
		OBJ_195 /* ServerState.swift in Sources */ = {isa = PBXBuildFile; fileRef = OBJ_104 /* ServerState.swift */; };
		OBJ_197 /* LoggerAPI.framework in Frameworks */ = {isa = PBXBuildFile; fileRef = OBJ_123 /* LoggerAPI.framework */; };
		OBJ_198 /* Socket.framework in Frameworks */ = {isa = PBXBuildFile; fileRef = OBJ_124 /* Socket.framework */; };
		OBJ_199 /* SSLService.framework in Frameworks */ = {isa = PBXBuildFile; fileRef = OBJ_125 /* SSLService.framework */; };
		OBJ_200 /* CHTTPParser.framework in Frameworks */ = {isa = PBXBuildFile; fileRef = OBJ_127 /* CHTTPParser.framework */; };
		OBJ_211 /* http_parser.c in Sources */ = {isa = PBXBuildFile; fileRef = OBJ_106 /* http_parser.c */; };
		OBJ_212 /* utils.c in Sources */ = {isa = PBXBuildFile; fileRef = OBJ_107 /* utils.c */; };
		OBJ_214 /* LoggerAPI.framework in Frameworks */ = {isa = PBXBuildFile; fileRef = OBJ_123 /* LoggerAPI.framework */; };
		OBJ_215 /* Socket.framework in Frameworks */ = {isa = PBXBuildFile; fileRef = OBJ_124 /* Socket.framework */; };
		OBJ_216 /* SSLService.framework in Frameworks */ = {isa = PBXBuildFile; fileRef = OBJ_125 /* SSLService.framework */; };
		OBJ_225 /* LclJSONSerialization.swift in Sources */ = {isa = PBXBuildFile; fileRef = OBJ_63 /* LclJSONSerialization.swift */; };
		OBJ_226 /* SwiftyJSON.swift in Sources */ = {isa = PBXBuildFile; fileRef = OBJ_64 /* SwiftyJSON.swift */; };
		OBJ_233 /* TemplateEngine.swift in Sources */ = {isa = PBXBuildFile; fileRef = OBJ_61 /* TemplateEngine.swift */; };
		OBJ_240 /* Error.swift in Sources */ = {isa = PBXBuildFile; fileRef = OBJ_13 /* Error.swift */; };
		OBJ_241 /* FileResourceServer.swift in Sources */ = {isa = PBXBuildFile; fileRef = OBJ_14 /* FileResourceServer.swift */; };
		OBJ_242 /* Headers.swift in Sources */ = {isa = PBXBuildFile; fileRef = OBJ_15 /* Headers.swift */; };
		OBJ_243 /* HTTPVersion.swift in Sources */ = {isa = PBXBuildFile; fileRef = OBJ_16 /* HTTPVersion.swift */; };
		OBJ_244 /* InternalError.swift in Sources */ = {isa = PBXBuildFile; fileRef = OBJ_17 /* InternalError.swift */; };
		OBJ_245 /* JSONPError.swift in Sources */ = {isa = PBXBuildFile; fileRef = OBJ_18 /* JSONPError.swift */; };
		OBJ_246 /* Kitura.swift in Sources */ = {isa = PBXBuildFile; fileRef = OBJ_19 /* Kitura.swift */; };
		OBJ_247 /* LinkParameter.swift in Sources */ = {isa = PBXBuildFile; fileRef = OBJ_20 /* LinkParameter.swift */; };
		OBJ_248 /* MimeTypeAcceptor.swift in Sources */ = {isa = PBXBuildFile; fileRef = OBJ_21 /* MimeTypeAcceptor.swift */; };
		OBJ_249 /* Router.swift in Sources */ = {isa = PBXBuildFile; fileRef = OBJ_22 /* Router.swift */; };
		OBJ_250 /* RouteRegex.swift in Sources */ = {isa = PBXBuildFile; fileRef = OBJ_23 /* RouteRegex.swift */; };
		OBJ_251 /* RouterElement.swift in Sources */ = {isa = PBXBuildFile; fileRef = OBJ_24 /* RouterElement.swift */; };
		OBJ_252 /* RouterElementWalker.swift in Sources */ = {isa = PBXBuildFile; fileRef = OBJ_25 /* RouterElementWalker.swift */; };
		OBJ_253 /* RouterHandler.swift in Sources */ = {isa = PBXBuildFile; fileRef = OBJ_26 /* RouterHandler.swift */; };
		OBJ_254 /* RouterHTTPVerbs+Error.swift in Sources */ = {isa = PBXBuildFile; fileRef = OBJ_27 /* RouterHTTPVerbs+Error.swift */; };
		OBJ_255 /* RouterHTTPVerbs_generated.swift in Sources */ = {isa = PBXBuildFile; fileRef = OBJ_28 /* RouterHTTPVerbs_generated.swift */; };
		OBJ_256 /* RouterMethod.swift in Sources */ = {isa = PBXBuildFile; fileRef = OBJ_29 /* RouterMethod.swift */; };
		OBJ_257 /* RouterMiddleware.swift in Sources */ = {isa = PBXBuildFile; fileRef = OBJ_30 /* RouterMiddleware.swift */; };
		OBJ_258 /* RouterMiddlewareGenerator.swift in Sources */ = {isa = PBXBuildFile; fileRef = OBJ_31 /* RouterMiddlewareGenerator.swift */; };
		OBJ_259 /* RouterMiddlewareWalker.swift in Sources */ = {isa = PBXBuildFile; fileRef = OBJ_32 /* RouterMiddlewareWalker.swift */; };
		OBJ_260 /* RouterParameterWalker.swift in Sources */ = {isa = PBXBuildFile; fileRef = OBJ_33 /* RouterParameterWalker.swift */; };
		OBJ_261 /* RouterRequest.swift in Sources */ = {isa = PBXBuildFile; fileRef = OBJ_34 /* RouterRequest.swift */; };
		OBJ_262 /* RouterResponse.swift in Sources */ = {isa = PBXBuildFile; fileRef = OBJ_35 /* RouterResponse.swift */; };
		OBJ_263 /* SSLConfig.swift in Sources */ = {isa = PBXBuildFile; fileRef = OBJ_36 /* SSLConfig.swift */; };
		OBJ_264 /* String+Extensions.swift in Sources */ = {isa = PBXBuildFile; fileRef = OBJ_37 /* String+Extensions.swift */; };
		OBJ_265 /* TemplatingError.swift in Sources */ = {isa = PBXBuildFile; fileRef = OBJ_38 /* TemplatingError.swift */; };
		OBJ_266 /* BodyParser.swift in Sources */ = {isa = PBXBuildFile; fileRef = OBJ_40 /* BodyParser.swift */; };
		OBJ_267 /* BodyParserProtocol.swift in Sources */ = {isa = PBXBuildFile; fileRef = OBJ_41 /* BodyParserProtocol.swift */; };
		OBJ_268 /* JSONBodyParser.swift in Sources */ = {isa = PBXBuildFile; fileRef = OBJ_42 /* JSONBodyParser.swift */; };
		OBJ_269 /* MultiPartBodyParser.swift in Sources */ = {isa = PBXBuildFile; fileRef = OBJ_43 /* MultiPartBodyParser.swift */; };
		OBJ_270 /* ParsedBody.swift in Sources */ = {isa = PBXBuildFile; fileRef = OBJ_44 /* ParsedBody.swift */; };
		OBJ_271 /* Part.swift in Sources */ = {isa = PBXBuildFile; fileRef = OBJ_45 /* Part.swift */; };
		OBJ_272 /* RawBodyParser.swift in Sources */ = {isa = PBXBuildFile; fileRef = OBJ_46 /* RawBodyParser.swift */; };
		OBJ_273 /* TextBodyParser.swift in Sources */ = {isa = PBXBuildFile; fileRef = OBJ_47 /* TextBodyParser.swift */; };
		OBJ_274 /* URLEncodedBodyParser.swift in Sources */ = {isa = PBXBuildFile; fileRef = OBJ_48 /* URLEncodedBodyParser.swift */; };
		OBJ_275 /* ContentType.swift in Sources */ = {isa = PBXBuildFile; fileRef = OBJ_50 /* ContentType.swift */; };
		OBJ_276 /* types.swift in Sources */ = {isa = PBXBuildFile; fileRef = OBJ_51 /* types.swift */; };
		OBJ_277 /* CacheRelatedHeadersSetter.swift in Sources */ = {isa = PBXBuildFile; fileRef = OBJ_53 /* CacheRelatedHeadersSetter.swift */; };
		OBJ_278 /* CompositeHeadersSetter.swift in Sources */ = {isa = PBXBuildFile; fileRef = OBJ_54 /* CompositeHeadersSetter.swift */; };
		OBJ_279 /* FileServer.swift in Sources */ = {isa = PBXBuildFile; fileRef = OBJ_55 /* FileServer.swift */; };
		OBJ_280 /* ResourcePathHandler.swift in Sources */ = {isa = PBXBuildFile; fileRef = OBJ_56 /* ResourcePathHandler.swift */; };
		OBJ_281 /* ResponseHeadersSetter.swift in Sources */ = {isa = PBXBuildFile; fileRef = OBJ_57 /* ResponseHeadersSetter.swift */; };
		OBJ_282 /* StaticFileServer.swift in Sources */ = {isa = PBXBuildFile; fileRef = OBJ_58 /* StaticFileServer.swift */; };
		OBJ_284 /* LoggerAPI.framework in Frameworks */ = {isa = PBXBuildFile; fileRef = OBJ_123 /* LoggerAPI.framework */; };
		OBJ_285 /* Socket.framework in Frameworks */ = {isa = PBXBuildFile; fileRef = OBJ_124 /* Socket.framework */; };
		OBJ_286 /* SSLService.framework in Frameworks */ = {isa = PBXBuildFile; fileRef = OBJ_125 /* SSLService.framework */; };
		OBJ_287 /* CHTTPParser.framework in Frameworks */ = {isa = PBXBuildFile; fileRef = OBJ_127 /* CHTTPParser.framework */; };
		OBJ_288 /* KituraNet.framework in Frameworks */ = {isa = PBXBuildFile; fileRef = OBJ_126 /* KituraNet.framework */; };
		OBJ_289 /* SwiftyJSON.framework in Frameworks */ = {isa = PBXBuildFile; fileRef = OBJ_128 /* SwiftyJSON.framework */; };
		OBJ_290 /* KituraTemplateEngine.framework in Frameworks */ = {isa = PBXBuildFile; fileRef = OBJ_129 /* KituraTemplateEngine.framework */; };
		OBJ_303 /* main.swift in Sources */ = {isa = PBXBuildFile; fileRef = OBJ_8 /* main.swift */; };
		OBJ_305 /* LoggerAPI.framework in Frameworks */ = {isa = PBXBuildFile; fileRef = OBJ_123 /* LoggerAPI.framework */; };
		OBJ_306 /* Socket.framework in Frameworks */ = {isa = PBXBuildFile; fileRef = OBJ_124 /* Socket.framework */; };
		OBJ_307 /* SSLService.framework in Frameworks */ = {isa = PBXBuildFile; fileRef = OBJ_125 /* SSLService.framework */; };
		OBJ_308 /* CHTTPParser.framework in Frameworks */ = {isa = PBXBuildFile; fileRef = OBJ_127 /* CHTTPParser.framework */; };
		OBJ_309 /* KituraNet.framework in Frameworks */ = {isa = PBXBuildFile; fileRef = OBJ_126 /* KituraNet.framework */; };
		OBJ_310 /* SwiftyJSON.framework in Frameworks */ = {isa = PBXBuildFile; fileRef = OBJ_128 /* SwiftyJSON.framework */; };
		OBJ_311 /* KituraTemplateEngine.framework in Frameworks */ = {isa = PBXBuildFile; fileRef = OBJ_129 /* KituraTemplateEngine.framework */; };
		OBJ_312 /* Kitura.framework in Frameworks */ = {isa = PBXBuildFile; fileRef = OBJ_130 /* Kitura.framework */; };
/* End PBXBuildFile section */

/* Begin PBXContainerItemProxy section */
		8FFC43DA1EABC10E00CDB9C1 /* PBXContainerItemProxy */ = {
			isa = PBXContainerItemProxy;
			containerPortal = OBJ_1 /* Project object */;
			proxyType = 1;
			remoteGlobalIDString = OBJ_139;
			remoteInfo = Socket;
		};
		8FFC43DB1EABC10E00CDB9C1 /* PBXContainerItemProxy */ = {
			isa = PBXContainerItemProxy;
			containerPortal = OBJ_1 /* Project object */;
			proxyType = 1;
			remoteGlobalIDString = OBJ_132;
			remoteInfo = LoggerAPI;
		};
		8FFC43DC1EABC10E00CDB9C1 /* PBXContainerItemProxy */ = {
			isa = PBXContainerItemProxy;
			containerPortal = OBJ_1 /* Project object */;
			proxyType = 1;
			remoteGlobalIDString = OBJ_139;
			remoteInfo = Socket;
		};
		8FFC43DD1EABC10E00CDB9C1 /* PBXContainerItemProxy */ = {
			isa = PBXContainerItemProxy;
			containerPortal = OBJ_1 /* Project object */;
			proxyType = 1;
			remoteGlobalIDString = OBJ_148;
			remoteInfo = SSLService;
		};
		8FFC43DE1EABC10E00CDB9C1 /* PBXContainerItemProxy */ = {
			isa = PBXContainerItemProxy;
			containerPortal = OBJ_1 /* Project object */;
			proxyType = 1;
			remoteGlobalIDString = OBJ_205;
			remoteInfo = CHTTPParser;
		};
		8FFC43DF1EABC10E00CDB9C1 /* PBXContainerItemProxy */ = {
			isa = PBXContainerItemProxy;
			containerPortal = OBJ_1 /* Project object */;
			proxyType = 1;
			remoteGlobalIDString = OBJ_132;
			remoteInfo = LoggerAPI;
		};
		8FFC43E01EABC10E00CDB9C1 /* PBXContainerItemProxy */ = {
			isa = PBXContainerItemProxy;
			containerPortal = OBJ_1 /* Project object */;
			proxyType = 1;
			remoteGlobalIDString = OBJ_139;
			remoteInfo = Socket;
		};
		8FFC43E11EABC10E00CDB9C1 /* PBXContainerItemProxy */ = {
			isa = PBXContainerItemProxy;
			containerPortal = OBJ_1 /* Project object */;
			proxyType = 1;
			remoteGlobalIDString = OBJ_148;
			remoteInfo = SSLService;
		};
		8FFC43E21EABC10E00CDB9C1 /* PBXContainerItemProxy */ = {
			isa = PBXContainerItemProxy;
			containerPortal = OBJ_1 /* Project object */;
			proxyType = 1;
			remoteGlobalIDString = OBJ_132;
			remoteInfo = LoggerAPI;
		};
		8FFC43E31EABC10E00CDB9C1 /* PBXContainerItemProxy */ = {
			isa = PBXContainerItemProxy;
			containerPortal = OBJ_1 /* Project object */;
			proxyType = 1;
			remoteGlobalIDString = OBJ_139;
			remoteInfo = Socket;
		};
		8FFC43E41EABC10E00CDB9C1 /* PBXContainerItemProxy */ = {
			isa = PBXContainerItemProxy;
			containerPortal = OBJ_1 /* Project object */;
			proxyType = 1;
			remoteGlobalIDString = OBJ_148;
			remoteInfo = SSLService;
		};
		8FFC43E51EABC10E00CDB9C1 /* PBXContainerItemProxy */ = {
			isa = PBXContainerItemProxy;
			containerPortal = OBJ_1 /* Project object */;
			proxyType = 1;
			remoteGlobalIDString = OBJ_205;
			remoteInfo = CHTTPParser;
		};
		8FFC43E61EABC10E00CDB9C1 /* PBXContainerItemProxy */ = {
			isa = PBXContainerItemProxy;
			containerPortal = OBJ_1 /* Project object */;
			proxyType = 1;
			remoteGlobalIDString = OBJ_157;
			remoteInfo = KituraNet;
		};
		8FFC43E71EABC10E00CDB9C1 /* PBXContainerItemProxy */ = {
			isa = PBXContainerItemProxy;
			containerPortal = OBJ_1 /* Project object */;
			proxyType = 1;
			remoteGlobalIDString = OBJ_220;
			remoteInfo = SwiftyJSON;
		};
		8FFC43E81EABC10E00CDB9C1 /* PBXContainerItemProxy */ = {
			isa = PBXContainerItemProxy;
			containerPortal = OBJ_1 /* Project object */;
			proxyType = 1;
			remoteGlobalIDString = OBJ_228;
			remoteInfo = KituraTemplateEngine;
		};
		8FFC43E91EABC10E00CDB9C1 /* PBXContainerItemProxy */ = {
			isa = PBXContainerItemProxy;
			containerPortal = OBJ_1 /* Project object */;
			proxyType = 1;
			remoteGlobalIDString = OBJ_132;
			remoteInfo = LoggerAPI;
		};
		8FFC43EA1EABC10E00CDB9C1 /* PBXContainerItemProxy */ = {
			isa = PBXContainerItemProxy;
			containerPortal = OBJ_1 /* Project object */;
			proxyType = 1;
			remoteGlobalIDString = OBJ_139;
			remoteInfo = Socket;
		};
		8FFC43EB1EABC10E00CDB9C1 /* PBXContainerItemProxy */ = {
			isa = PBXContainerItemProxy;
			containerPortal = OBJ_1 /* Project object */;
			proxyType = 1;
			remoteGlobalIDString = OBJ_148;
			remoteInfo = SSLService;
		};
		8FFC43EC1EABC10E00CDB9C1 /* PBXContainerItemProxy */ = {
			isa = PBXContainerItemProxy;
			containerPortal = OBJ_1 /* Project object */;
			proxyType = 1;
			remoteGlobalIDString = OBJ_205;
			remoteInfo = CHTTPParser;
		};
		8FFC43ED1EABC10E00CDB9C1 /* PBXContainerItemProxy */ = {
			isa = PBXContainerItemProxy;
			containerPortal = OBJ_1 /* Project object */;
			proxyType = 1;
			remoteGlobalIDString = OBJ_157;
			remoteInfo = KituraNet;
		};
		8FFC43EE1EABC10E00CDB9C1 /* PBXContainerItemProxy */ = {
			isa = PBXContainerItemProxy;
			containerPortal = OBJ_1 /* Project object */;
			proxyType = 1;
			remoteGlobalIDString = OBJ_220;
			remoteInfo = SwiftyJSON;
		};
		8FFC43EF1EABC10E00CDB9C1 /* PBXContainerItemProxy */ = {
			isa = PBXContainerItemProxy;
			containerPortal = OBJ_1 /* Project object */;
			proxyType = 1;
			remoteGlobalIDString = OBJ_228;
			remoteInfo = KituraTemplateEngine;
		};
		8FFC43F01EABC10E00CDB9C1 /* PBXContainerItemProxy */ = {
			isa = PBXContainerItemProxy;
			containerPortal = OBJ_1 /* Project object */;
			proxyType = 1;
			remoteGlobalIDString = OBJ_235;
			remoteInfo = Kitura;
		};
/* End PBXContainerItemProxy section */

/* Begin PBXFileReference section */
		OBJ_100 /* Server.swift */ = {isa = PBXFileReference; lastKnownFileType = sourcecode.swift; path = Server.swift; sourceTree = "<group>"; };
		OBJ_101 /* ServerDelegate.swift */ = {isa = PBXFileReference; lastKnownFileType = sourcecode.swift; path = ServerDelegate.swift; sourceTree = "<group>"; };
		OBJ_102 /* ServerLifecycleListener.swift */ = {isa = PBXFileReference; lastKnownFileType = sourcecode.swift; path = ServerLifecycleListener.swift; sourceTree = "<group>"; };
		OBJ_103 /* ServerMonitor.swift */ = {isa = PBXFileReference; lastKnownFileType = sourcecode.swift; path = ServerMonitor.swift; sourceTree = "<group>"; };
		OBJ_104 /* ServerState.swift */ = {isa = PBXFileReference; lastKnownFileType = sourcecode.swift; path = ServerState.swift; sourceTree = "<group>"; };
		OBJ_106 /* http_parser.c */ = {isa = PBXFileReference; lastKnownFileType = sourcecode.c.c; path = http_parser.c; sourceTree = "<group>"; };
		OBJ_107 /* utils.c */ = {isa = PBXFileReference; lastKnownFileType = sourcecode.c.c; path = utils.c; sourceTree = "<group>"; };
		OBJ_109 /* http_parser.h */ = {isa = PBXFileReference; lastKnownFileType = sourcecode.c.h; path = http_parser.h; sourceTree = "<group>"; };
		OBJ_110 /* utils.h */ = {isa = PBXFileReference; lastKnownFileType = sourcecode.c.h; path = utils.h; sourceTree = "<group>"; };
		OBJ_111 /* module.modulemap */ = {isa = PBXFileReference; lastKnownFileType = "sourcecode.module-map"; name = module.modulemap; path = "/Users/rmangrola/Desktop/KituraAPI/.build/checkouts/Kitura-net.git--7410958935072501107/Sources/CHTTPParser/include/module.modulemap"; sourceTree = "<group>"; };
		OBJ_113 /* SSLService.swift */ = {isa = PBXFileReference; lastKnownFileType = sourcecode.swift; path = SSLService.swift; sourceTree = "<group>"; };
		OBJ_116 /* Socket.swift */ = {isa = PBXFileReference; lastKnownFileType = sourcecode.swift; path = Socket.swift; sourceTree = "<group>"; };
		OBJ_117 /* SocketProtocols.swift */ = {isa = PBXFileReference; lastKnownFileType = sourcecode.swift; path = SocketProtocols.swift; sourceTree = "<group>"; };
		OBJ_118 /* SocketUtils.swift */ = {isa = PBXFileReference; lastKnownFileType = sourcecode.swift; path = SocketUtils.swift; sourceTree = "<group>"; };
		OBJ_121 /* Logger.swift */ = {isa = PBXFileReference; lastKnownFileType = sourcecode.swift; path = Logger.swift; sourceTree = "<group>"; };
		OBJ_123 /* LoggerAPI.framework */ = {isa = PBXFileReference; explicitFileType = wrapper.framework; path = LoggerAPI.framework; sourceTree = BUILT_PRODUCTS_DIR; };
		OBJ_124 /* Socket.framework */ = {isa = PBXFileReference; explicitFileType = wrapper.framework; path = Socket.framework; sourceTree = BUILT_PRODUCTS_DIR; };
		OBJ_125 /* SSLService.framework */ = {isa = PBXFileReference; explicitFileType = wrapper.framework; path = SSLService.framework; sourceTree = BUILT_PRODUCTS_DIR; };
		OBJ_126 /* KituraNet.framework */ = {isa = PBXFileReference; explicitFileType = wrapper.framework; path = KituraNet.framework; sourceTree = BUILT_PRODUCTS_DIR; };
		OBJ_127 /* CHTTPParser.framework */ = {isa = PBXFileReference; explicitFileType = wrapper.framework; path = CHTTPParser.framework; sourceTree = BUILT_PRODUCTS_DIR; };
		OBJ_128 /* SwiftyJSON.framework */ = {isa = PBXFileReference; explicitFileType = wrapper.framework; path = SwiftyJSON.framework; sourceTree = BUILT_PRODUCTS_DIR; };
		OBJ_129 /* KituraTemplateEngine.framework */ = {isa = PBXFileReference; explicitFileType = wrapper.framework; path = KituraTemplateEngine.framework; sourceTree = BUILT_PRODUCTS_DIR; };
		OBJ_13 /* Error.swift */ = {isa = PBXFileReference; lastKnownFileType = sourcecode.swift; path = Error.swift; sourceTree = "<group>"; };
		OBJ_130 /* Kitura.framework */ = {isa = PBXFileReference; explicitFileType = wrapper.framework; path = Kitura.framework; sourceTree = BUILT_PRODUCTS_DIR; };
		OBJ_131 /* KituraAPI */ = {isa = PBXFileReference; lastKnownFileType = text; path = KituraAPI; sourceTree = BUILT_PRODUCTS_DIR; };
		OBJ_14 /* FileResourceServer.swift */ = {isa = PBXFileReference; lastKnownFileType = sourcecode.swift; path = FileResourceServer.swift; sourceTree = "<group>"; };
		OBJ_15 /* Headers.swift */ = {isa = PBXFileReference; lastKnownFileType = sourcecode.swift; path = Headers.swift; sourceTree = "<group>"; };
		OBJ_16 /* HTTPVersion.swift */ = {isa = PBXFileReference; lastKnownFileType = sourcecode.swift; path = HTTPVersion.swift; sourceTree = "<group>"; };
		OBJ_17 /* InternalError.swift */ = {isa = PBXFileReference; lastKnownFileType = sourcecode.swift; path = InternalError.swift; sourceTree = "<group>"; };
		OBJ_18 /* JSONPError.swift */ = {isa = PBXFileReference; lastKnownFileType = sourcecode.swift; path = JSONPError.swift; sourceTree = "<group>"; };
		OBJ_19 /* Kitura.swift */ = {isa = PBXFileReference; lastKnownFileType = sourcecode.swift; path = Kitura.swift; sourceTree = "<group>"; };
		OBJ_20 /* LinkParameter.swift */ = {isa = PBXFileReference; lastKnownFileType = sourcecode.swift; path = LinkParameter.swift; sourceTree = "<group>"; };
		OBJ_21 /* MimeTypeAcceptor.swift */ = {isa = PBXFileReference; lastKnownFileType = sourcecode.swift; path = MimeTypeAcceptor.swift; sourceTree = "<group>"; };
		OBJ_22 /* Router.swift */ = {isa = PBXFileReference; lastKnownFileType = sourcecode.swift; path = Router.swift; sourceTree = "<group>"; };
		OBJ_23 /* RouteRegex.swift */ = {isa = PBXFileReference; lastKnownFileType = sourcecode.swift; path = RouteRegex.swift; sourceTree = "<group>"; };
		OBJ_24 /* RouterElement.swift */ = {isa = PBXFileReference; lastKnownFileType = sourcecode.swift; path = RouterElement.swift; sourceTree = "<group>"; };
		OBJ_25 /* RouterElementWalker.swift */ = {isa = PBXFileReference; lastKnownFileType = sourcecode.swift; path = RouterElementWalker.swift; sourceTree = "<group>"; };
		OBJ_26 /* RouterHandler.swift */ = {isa = PBXFileReference; lastKnownFileType = sourcecode.swift; path = RouterHandler.swift; sourceTree = "<group>"; };
		OBJ_27 /* RouterHTTPVerbs+Error.swift */ = {isa = PBXFileReference; lastKnownFileType = sourcecode.swift; path = "RouterHTTPVerbs+Error.swift"; sourceTree = "<group>"; };
		OBJ_28 /* RouterHTTPVerbs_generated.swift */ = {isa = PBXFileReference; lastKnownFileType = sourcecode.swift; path = RouterHTTPVerbs_generated.swift; sourceTree = "<group>"; };
		OBJ_29 /* RouterMethod.swift */ = {isa = PBXFileReference; lastKnownFileType = sourcecode.swift; path = RouterMethod.swift; sourceTree = "<group>"; };
		OBJ_30 /* RouterMiddleware.swift */ = {isa = PBXFileReference; lastKnownFileType = sourcecode.swift; path = RouterMiddleware.swift; sourceTree = "<group>"; };
		OBJ_31 /* RouterMiddlewareGenerator.swift */ = {isa = PBXFileReference; lastKnownFileType = sourcecode.swift; path = RouterMiddlewareGenerator.swift; sourceTree = "<group>"; };
		OBJ_32 /* RouterMiddlewareWalker.swift */ = {isa = PBXFileReference; lastKnownFileType = sourcecode.swift; path = RouterMiddlewareWalker.swift; sourceTree = "<group>"; };
		OBJ_33 /* RouterParameterWalker.swift */ = {isa = PBXFileReference; lastKnownFileType = sourcecode.swift; path = RouterParameterWalker.swift; sourceTree = "<group>"; };
		OBJ_34 /* RouterRequest.swift */ = {isa = PBXFileReference; lastKnownFileType = sourcecode.swift; path = RouterRequest.swift; sourceTree = "<group>"; };
		OBJ_35 /* RouterResponse.swift */ = {isa = PBXFileReference; lastKnownFileType = sourcecode.swift; path = RouterResponse.swift; sourceTree = "<group>"; };
		OBJ_36 /* SSLConfig.swift */ = {isa = PBXFileReference; lastKnownFileType = sourcecode.swift; path = SSLConfig.swift; sourceTree = "<group>"; };
		OBJ_37 /* String+Extensions.swift */ = {isa = PBXFileReference; lastKnownFileType = sourcecode.swift; path = "String+Extensions.swift"; sourceTree = "<group>"; };
		OBJ_38 /* TemplatingError.swift */ = {isa = PBXFileReference; lastKnownFileType = sourcecode.swift; path = TemplatingError.swift; sourceTree = "<group>"; };
		OBJ_40 /* BodyParser.swift */ = {isa = PBXFileReference; lastKnownFileType = sourcecode.swift; path = BodyParser.swift; sourceTree = "<group>"; };
		OBJ_41 /* BodyParserProtocol.swift */ = {isa = PBXFileReference; lastKnownFileType = sourcecode.swift; path = BodyParserProtocol.swift; sourceTree = "<group>"; };
		OBJ_42 /* JSONBodyParser.swift */ = {isa = PBXFileReference; lastKnownFileType = sourcecode.swift; path = JSONBodyParser.swift; sourceTree = "<group>"; };
		OBJ_43 /* MultiPartBodyParser.swift */ = {isa = PBXFileReference; lastKnownFileType = sourcecode.swift; path = MultiPartBodyParser.swift; sourceTree = "<group>"; };
		OBJ_44 /* ParsedBody.swift */ = {isa = PBXFileReference; lastKnownFileType = sourcecode.swift; path = ParsedBody.swift; sourceTree = "<group>"; };
		OBJ_45 /* Part.swift */ = {isa = PBXFileReference; lastKnownFileType = sourcecode.swift; path = Part.swift; sourceTree = "<group>"; };
		OBJ_46 /* RawBodyParser.swift */ = {isa = PBXFileReference; lastKnownFileType = sourcecode.swift; path = RawBodyParser.swift; sourceTree = "<group>"; };
		OBJ_47 /* TextBodyParser.swift */ = {isa = PBXFileReference; lastKnownFileType = sourcecode.swift; path = TextBodyParser.swift; sourceTree = "<group>"; };
		OBJ_48 /* URLEncodedBodyParser.swift */ = {isa = PBXFileReference; lastKnownFileType = sourcecode.swift; path = URLEncodedBodyParser.swift; sourceTree = "<group>"; };
		OBJ_50 /* ContentType.swift */ = {isa = PBXFileReference; lastKnownFileType = sourcecode.swift; path = ContentType.swift; sourceTree = "<group>"; };
		OBJ_51 /* types.swift */ = {isa = PBXFileReference; lastKnownFileType = sourcecode.swift; path = types.swift; sourceTree = "<group>"; };
		OBJ_53 /* CacheRelatedHeadersSetter.swift */ = {isa = PBXFileReference; lastKnownFileType = sourcecode.swift; path = CacheRelatedHeadersSetter.swift; sourceTree = "<group>"; };
		OBJ_54 /* CompositeHeadersSetter.swift */ = {isa = PBXFileReference; lastKnownFileType = sourcecode.swift; path = CompositeHeadersSetter.swift; sourceTree = "<group>"; };
		OBJ_55 /* FileServer.swift */ = {isa = PBXFileReference; lastKnownFileType = sourcecode.swift; path = FileServer.swift; sourceTree = "<group>"; };
		OBJ_56 /* ResourcePathHandler.swift */ = {isa = PBXFileReference; lastKnownFileType = sourcecode.swift; path = ResourcePathHandler.swift; sourceTree = "<group>"; };
		OBJ_57 /* ResponseHeadersSetter.swift */ = {isa = PBXFileReference; lastKnownFileType = sourcecode.swift; path = ResponseHeadersSetter.swift; sourceTree = "<group>"; };
		OBJ_58 /* StaticFileServer.swift */ = {isa = PBXFileReference; lastKnownFileType = sourcecode.swift; path = StaticFileServer.swift; sourceTree = "<group>"; };
		OBJ_6 /* Package.swift */ = {isa = PBXFileReference; explicitFileType = sourcecode.swift; path = Package.swift; sourceTree = "<group>"; };
		OBJ_61 /* TemplateEngine.swift */ = {isa = PBXFileReference; lastKnownFileType = sourcecode.swift; path = TemplateEngine.swift; sourceTree = "<group>"; };
		OBJ_63 /* LclJSONSerialization.swift */ = {isa = PBXFileReference; lastKnownFileType = sourcecode.swift; path = LclJSONSerialization.swift; sourceTree = "<group>"; };
		OBJ_64 /* SwiftyJSON.swift */ = {isa = PBXFileReference; lastKnownFileType = sourcecode.swift; path = SwiftyJSON.swift; sourceTree = "<group>"; };
		OBJ_67 /* BufferList.swift */ = {isa = PBXFileReference; lastKnownFileType = sourcecode.swift; path = BufferList.swift; sourceTree = "<group>"; };
		OBJ_68 /* ClientRequest.swift */ = {isa = PBXFileReference; lastKnownFileType = sourcecode.swift; path = ClientRequest.swift; sourceTree = "<group>"; };
		OBJ_69 /* ClientResponse.swift */ = {isa = PBXFileReference; lastKnownFileType = sourcecode.swift; path = ClientResponse.swift; sourceTree = "<group>"; };
		OBJ_70 /* ConnectionUpgradeFactory.swift */ = {isa = PBXFileReference; lastKnownFileType = sourcecode.swift; path = ConnectionUpgradeFactory.swift; sourceTree = "<group>"; };
		OBJ_71 /* ConnectionUpgrader.swift */ = {isa = PBXFileReference; lastKnownFileType = sourcecode.swift; path = ConnectionUpgrader.swift; sourceTree = "<group>"; };
		OBJ_72 /* Error.swift */ = {isa = PBXFileReference; lastKnownFileType = sourcecode.swift; path = Error.swift; sourceTree = "<group>"; };
		OBJ_73 /* HeadersContainer.swift */ = {isa = PBXFileReference; lastKnownFileType = sourcecode.swift; path = HeadersContainer.swift; sourceTree = "<group>"; };
		OBJ_74 /* IncomingSocketHandler.swift */ = {isa = PBXFileReference; lastKnownFileType = sourcecode.swift; path = IncomingSocketHandler.swift; sourceTree = "<group>"; };
		OBJ_75 /* IncomingSocketManager.swift */ = {isa = PBXFileReference; lastKnownFileType = sourcecode.swift; path = IncomingSocketManager.swift; sourceTree = "<group>"; };
		OBJ_76 /* IncomingSocketProcessor.swift */ = {isa = PBXFileReference; lastKnownFileType = sourcecode.swift; path = IncomingSocketProcessor.swift; sourceTree = "<group>"; };
		OBJ_77 /* ListenerGroup.swift */ = {isa = PBXFileReference; lastKnownFileType = sourcecode.swift; path = ListenerGroup.swift; sourceTree = "<group>"; };
		OBJ_78 /* ServerRequest.swift */ = {isa = PBXFileReference; lastKnownFileType = sourcecode.swift; path = ServerRequest.swift; sourceTree = "<group>"; };
		OBJ_79 /* ServerResponse.swift */ = {isa = PBXFileReference; lastKnownFileType = sourcecode.swift; path = ServerResponse.swift; sourceTree = "<group>"; };
		OBJ_8 /* main.swift */ = {isa = PBXFileReference; lastKnownFileType = sourcecode.swift; path = main.swift; sourceTree = "<group>"; };
		OBJ_80 /* SPIUtils.swift */ = {isa = PBXFileReference; lastKnownFileType = sourcecode.swift; path = SPIUtils.swift; sourceTree = "<group>"; };
		OBJ_82 /* FastCGI.swift */ = {isa = PBXFileReference; lastKnownFileType = sourcecode.swift; path = FastCGI.swift; sourceTree = "<group>"; };
		OBJ_83 /* FastCGIRecordCreate.swift */ = {isa = PBXFileReference; lastKnownFileType = sourcecode.swift; path = FastCGIRecordCreate.swift; sourceTree = "<group>"; };
		OBJ_84 /* FastCGIRecordParser.swift */ = {isa = PBXFileReference; lastKnownFileType = sourcecode.swift; path = FastCGIRecordParser.swift; sourceTree = "<group>"; };
		OBJ_85 /* FastCGIServer.swift */ = {isa = PBXFileReference; lastKnownFileType = sourcecode.swift; path = FastCGIServer.swift; sourceTree = "<group>"; };
		OBJ_86 /* FastCGIServerRequest.swift */ = {isa = PBXFileReference; lastKnownFileType = sourcecode.swift; path = FastCGIServerRequest.swift; sourceTree = "<group>"; };
		OBJ_87 /* FastCGIServerResponse.swift */ = {isa = PBXFileReference; lastKnownFileType = sourcecode.swift; path = FastCGIServerResponse.swift; sourceTree = "<group>"; };
		OBJ_89 /* HTTP.swift */ = {isa = PBXFileReference; lastKnownFileType = sourcecode.swift; path = HTTP.swift; sourceTree = "<group>"; };
		OBJ_90 /* HTTPServer.swift */ = {isa = PBXFileReference; lastKnownFileType = sourcecode.swift; path = HTTPServer.swift; sourceTree = "<group>"; };
		OBJ_91 /* HTTPServerRequest.swift */ = {isa = PBXFileReference; lastKnownFileType = sourcecode.swift; path = HTTPServerRequest.swift; sourceTree = "<group>"; };
		OBJ_92 /* HTTPServerResponse.swift */ = {isa = PBXFileReference; lastKnownFileType = sourcecode.swift; path = HTTPServerResponse.swift; sourceTree = "<group>"; };
		OBJ_93 /* IncomingHTTPSocketProcessor.swift */ = {isa = PBXFileReference; lastKnownFileType = sourcecode.swift; path = IncomingHTTPSocketProcessor.swift; sourceTree = "<group>"; };
		OBJ_95 /* HTTPParser.swift */ = {isa = PBXFileReference; lastKnownFileType = sourcecode.swift; path = HTTPParser.swift; sourceTree = "<group>"; };
		OBJ_96 /* HTTPParserStatus.swift */ = {isa = PBXFileReference; lastKnownFileType = sourcecode.swift; path = HTTPParserStatus.swift; sourceTree = "<group>"; };
		OBJ_97 /* ParseResults.swift */ = {isa = PBXFileReference; lastKnownFileType = sourcecode.swift; path = ParseResults.swift; sourceTree = "<group>"; };
		OBJ_98 /* URLParser.swift */ = {isa = PBXFileReference; lastKnownFileType = sourcecode.swift; path = URLParser.swift; sourceTree = "<group>"; };
/* End PBXFileReference section */

/* Begin PBXFrameworksBuildPhase section */
		OBJ_138 /* Frameworks */ = {
			isa = PBXFrameworksBuildPhase;
			buildActionMask = 0;
			files = (
			);
			runOnlyForDeploymentPostprocessing = 0;
		};
		OBJ_147 /* Frameworks */ = {
			isa = PBXFrameworksBuildPhase;
			buildActionMask = 0;
			files = (
			);
			runOnlyForDeploymentPostprocessing = 0;
		};
		OBJ_154 /* Frameworks */ = {
			isa = PBXFrameworksBuildPhase;
			buildActionMask = 0;
			files = (
				OBJ_155 /* Socket.framework in Frameworks */,
			);
			runOnlyForDeploymentPostprocessing = 0;
		};
		OBJ_196 /* Frameworks */ = {
			isa = PBXFrameworksBuildPhase;
			buildActionMask = 0;
			files = (
				OBJ_197 /* LoggerAPI.framework in Frameworks */,
				OBJ_198 /* Socket.framework in Frameworks */,
				OBJ_199 /* SSLService.framework in Frameworks */,
				OBJ_200 /* CHTTPParser.framework in Frameworks */,
			);
			runOnlyForDeploymentPostprocessing = 0;
		};
		OBJ_213 /* Frameworks */ = {
			isa = PBXFrameworksBuildPhase;
			buildActionMask = 0;
			files = (
				OBJ_214 /* LoggerAPI.framework in Frameworks */,
				OBJ_215 /* Socket.framework in Frameworks */,
				OBJ_216 /* SSLService.framework in Frameworks */,
			);
			runOnlyForDeploymentPostprocessing = 0;
		};
		OBJ_227 /* Frameworks */ = {
			isa = PBXFrameworksBuildPhase;
			buildActionMask = 0;
			files = (
			);
			runOnlyForDeploymentPostprocessing = 0;
		};
		OBJ_234 /* Frameworks */ = {
			isa = PBXFrameworksBuildPhase;
			buildActionMask = 0;
			files = (
			);
			runOnlyForDeploymentPostprocessing = 0;
		};
		OBJ_283 /* Frameworks */ = {
			isa = PBXFrameworksBuildPhase;
			buildActionMask = 0;
			files = (
				OBJ_284 /* LoggerAPI.framework in Frameworks */,
				OBJ_285 /* Socket.framework in Frameworks */,
				OBJ_286 /* SSLService.framework in Frameworks */,
				OBJ_287 /* CHTTPParser.framework in Frameworks */,
				OBJ_288 /* KituraNet.framework in Frameworks */,
				OBJ_289 /* SwiftyJSON.framework in Frameworks */,
				OBJ_290 /* KituraTemplateEngine.framework in Frameworks */,
			);
			runOnlyForDeploymentPostprocessing = 0;
		};
		OBJ_304 /* Frameworks */ = {
			isa = PBXFrameworksBuildPhase;
			buildActionMask = 0;
			files = (
				OBJ_305 /* LoggerAPI.framework in Frameworks */,
				OBJ_306 /* Socket.framework in Frameworks */,
				OBJ_307 /* SSLService.framework in Frameworks */,
				OBJ_308 /* CHTTPParser.framework in Frameworks */,
				OBJ_309 /* KituraNet.framework in Frameworks */,
				OBJ_310 /* SwiftyJSON.framework in Frameworks */,
				OBJ_311 /* KituraTemplateEngine.framework in Frameworks */,
				OBJ_312 /* Kitura.framework in Frameworks */,
			);
			runOnlyForDeploymentPostprocessing = 0;
		};
/* End PBXFrameworksBuildPhase section */

/* Begin PBXGroup section */
		OBJ_10 /* Dependencies */ = {
			isa = PBXGroup;
			children = (
				OBJ_11 /* Kitura 1.6.3 */,
				OBJ_59 /* Kitura-TemplateEngine 1.6.0 */,
				OBJ_62 /* SwiftyJSON 15.0.6 */,
				OBJ_65 /* Kitura-net 1.6.2 */,
				OBJ_112 /* SSLService 0.12.32 */,
				OBJ_114 /* CCurl 0.2.3 */,
				OBJ_115 /* Socket 0.12.45 */,
				OBJ_119 /* LoggerAPI 1.6.0 */,
			);
			name = Dependencies;
			sourceTree = "<group>";
		};
		OBJ_105 /* CHTTPParser */ = {
			isa = PBXGroup;
			children = (
				OBJ_106 /* http_parser.c */,
				OBJ_107 /* utils.c */,
				OBJ_108 /* include */,
			);
			name = CHTTPParser;
			path = ".build/checkouts/Kitura-net.git--7410958935072501107/Sources/CHTTPParser";
			sourceTree = SOURCE_ROOT;
		};
		OBJ_108 /* include */ = {
			isa = PBXGroup;
			children = (
				OBJ_109 /* http_parser.h */,
				OBJ_110 /* utils.h */,
				OBJ_111 /* module.modulemap */,
			);
			path = include;
			sourceTree = "<group>";
		};
		OBJ_11 /* Kitura 1.6.3 */ = {
			isa = PBXGroup;
			children = (
				OBJ_12 /* Kitura */,
			);
			name = "Kitura 1.6.3";
			sourceTree = SOURCE_ROOT;
		};
		OBJ_112 /* SSLService 0.12.32 */ = {
			isa = PBXGroup;
			children = (
				OBJ_113 /* SSLService.swift */,
			);
			name = "SSLService 0.12.32";
			path = ".build/checkouts/BlueSSLService.git--6577639804771281610/Sources";
			sourceTree = SOURCE_ROOT;
		};
		OBJ_114 /* CCurl 0.2.3 */ = {
			isa = PBXGroup;
			children = (
			);
			name = "CCurl 0.2.3";
			path = ".build/checkouts/CCurl.git-8026296523752779197";
			sourceTree = SOURCE_ROOT;
		};
		OBJ_115 /* Socket 0.12.45 */ = {
			isa = PBXGroup;
			children = (
				OBJ_116 /* Socket.swift */,
				OBJ_117 /* SocketProtocols.swift */,
				OBJ_118 /* SocketUtils.swift */,
			);
			name = "Socket 0.12.45";
			path = ".build/checkouts/BlueSocket.git-3162807777605905816/Sources";
			sourceTree = SOURCE_ROOT;
		};
		OBJ_119 /* LoggerAPI 1.6.0 */ = {
			isa = PBXGroup;
			children = (
				OBJ_120 /* LoggerAPI */,
			);
			name = "LoggerAPI 1.6.0";
			sourceTree = SOURCE_ROOT;
		};
		OBJ_12 /* Kitura */ = {
			isa = PBXGroup;
			children = (
				OBJ_13 /* Error.swift */,
				OBJ_14 /* FileResourceServer.swift */,
				OBJ_15 /* Headers.swift */,
				OBJ_16 /* HTTPVersion.swift */,
				OBJ_17 /* InternalError.swift */,
				OBJ_18 /* JSONPError.swift */,
				OBJ_19 /* Kitura.swift */,
				OBJ_20 /* LinkParameter.swift */,
				OBJ_21 /* MimeTypeAcceptor.swift */,
				OBJ_22 /* Router.swift */,
				OBJ_23 /* RouteRegex.swift */,
				OBJ_24 /* RouterElement.swift */,
				OBJ_25 /* RouterElementWalker.swift */,
				OBJ_26 /* RouterHandler.swift */,
				OBJ_27 /* RouterHTTPVerbs+Error.swift */,
				OBJ_28 /* RouterHTTPVerbs_generated.swift */,
				OBJ_29 /* RouterMethod.swift */,
				OBJ_30 /* RouterMiddleware.swift */,
				OBJ_31 /* RouterMiddlewareGenerator.swift */,
				OBJ_32 /* RouterMiddlewareWalker.swift */,
				OBJ_33 /* RouterParameterWalker.swift */,
				OBJ_34 /* RouterRequest.swift */,
				OBJ_35 /* RouterResponse.swift */,
				OBJ_36 /* SSLConfig.swift */,
				OBJ_37 /* String+Extensions.swift */,
				OBJ_38 /* TemplatingError.swift */,
				OBJ_39 /* bodyParser */,
				OBJ_49 /* contentType */,
				OBJ_52 /* staticFileServer */,
			);
			name = Kitura;
			path = ".build/checkouts/Kitura.git-6522211175291160341/Sources/Kitura";
			sourceTree = SOURCE_ROOT;
		};
		OBJ_120 /* LoggerAPI */ = {
			isa = PBXGroup;
			children = (
				OBJ_121 /* Logger.swift */,
			);
			name = LoggerAPI;
			path = ".build/checkouts/LoggerAPI.git--6449715459278086880/Sources/LoggerAPI";
			sourceTree = SOURCE_ROOT;
		};
		OBJ_122 /* Products */ = {
			isa = PBXGroup;
			children = (
				OBJ_123 /* LoggerAPI.framework */,
				OBJ_124 /* Socket.framework */,
				OBJ_125 /* SSLService.framework */,
				OBJ_126 /* KituraNet.framework */,
				OBJ_127 /* CHTTPParser.framework */,
				OBJ_128 /* SwiftyJSON.framework */,
				OBJ_129 /* KituraTemplateEngine.framework */,
				OBJ_130 /* Kitura.framework */,
				OBJ_131 /* KituraAPI */,
			);
			name = Products;
			sourceTree = BUILT_PRODUCTS_DIR;
		};
		OBJ_39 /* bodyParser */ = {
			isa = PBXGroup;
			children = (
				OBJ_40 /* BodyParser.swift */,
				OBJ_41 /* BodyParserProtocol.swift */,
				OBJ_42 /* JSONBodyParser.swift */,
				OBJ_43 /* MultiPartBodyParser.swift */,
				OBJ_44 /* ParsedBody.swift */,
				OBJ_45 /* Part.swift */,
				OBJ_46 /* RawBodyParser.swift */,
				OBJ_47 /* TextBodyParser.swift */,
				OBJ_48 /* URLEncodedBodyParser.swift */,
			);
			path = bodyParser;
			sourceTree = "<group>";
		};
		OBJ_49 /* contentType */ = {
			isa = PBXGroup;
			children = (
				OBJ_50 /* ContentType.swift */,
				OBJ_51 /* types.swift */,
			);
			path = contentType;
			sourceTree = "<group>";
		};
		OBJ_5 /*  */ = {
			isa = PBXGroup;
			children = (
				OBJ_6 /* Package.swift */,
				OBJ_7 /* Sources */,
				OBJ_9 /* Tests */,
				OBJ_10 /* Dependencies */,
				OBJ_122 /* Products */,
			);
			name = "";
			sourceTree = "<group>";
		};
		OBJ_52 /* staticFileServer */ = {
			isa = PBXGroup;
			children = (
				OBJ_53 /* CacheRelatedHeadersSetter.swift */,
				OBJ_54 /* CompositeHeadersSetter.swift */,
				OBJ_55 /* FileServer.swift */,
				OBJ_56 /* ResourcePathHandler.swift */,
				OBJ_57 /* ResponseHeadersSetter.swift */,
				OBJ_58 /* StaticFileServer.swift */,
			);
			path = staticFileServer;
			sourceTree = "<group>";
		};
		OBJ_59 /* Kitura-TemplateEngine 1.6.0 */ = {
			isa = PBXGroup;
			children = (
				OBJ_60 /* KituraTemplateEngine */,
			);
			name = "Kitura-TemplateEngine 1.6.0";
			sourceTree = SOURCE_ROOT;
		};
		OBJ_60 /* KituraTemplateEngine */ = {
			isa = PBXGroup;
			children = (
				OBJ_61 /* TemplateEngine.swift */,
			);
			name = KituraTemplateEngine;
			path = ".build/checkouts/Kitura-TemplateEngine.git--5059963620657797085/Sources/KituraTemplateEngine";
			sourceTree = SOURCE_ROOT;
		};
		OBJ_62 /* SwiftyJSON 15.0.6 */ = {
			isa = PBXGroup;
			children = (
				OBJ_63 /* LclJSONSerialization.swift */,
				OBJ_64 /* SwiftyJSON.swift */,
			);
			name = "SwiftyJSON 15.0.6";
			path = ".build/checkouts/SwiftyJSON.git--6955445084174387031/Source";
			sourceTree = SOURCE_ROOT;
		};
		OBJ_65 /* Kitura-net 1.6.2 */ = {
			isa = PBXGroup;
			children = (
				OBJ_66 /* KituraNet */,
				OBJ_105 /* CHTTPParser */,
			);
			name = "Kitura-net 1.6.2";
			sourceTree = SOURCE_ROOT;
		};
		OBJ_66 /* KituraNet */ = {
			isa = PBXGroup;
			children = (
				OBJ_67 /* BufferList.swift */,
				OBJ_68 /* ClientRequest.swift */,
				OBJ_69 /* ClientResponse.swift */,
				OBJ_70 /* ConnectionUpgradeFactory.swift */,
				OBJ_71 /* ConnectionUpgrader.swift */,
				OBJ_72 /* Error.swift */,
				OBJ_73 /* HeadersContainer.swift */,
				OBJ_74 /* IncomingSocketHandler.swift */,
				OBJ_75 /* IncomingSocketManager.swift */,
				OBJ_76 /* IncomingSocketProcessor.swift */,
				OBJ_77 /* ListenerGroup.swift */,
				OBJ_78 /* ServerRequest.swift */,
				OBJ_79 /* ServerResponse.swift */,
				OBJ_80 /* SPIUtils.swift */,
				OBJ_81 /* FastCGI */,
				OBJ_88 /* HTTP */,
				OBJ_94 /* HTTPParser */,
				OBJ_99 /* Server */,
			);
			name = KituraNet;
			path = ".build/checkouts/Kitura-net.git--7410958935072501107/Sources/KituraNet";
			sourceTree = SOURCE_ROOT;
		};
		OBJ_7 /* Sources */ = {
			isa = PBXGroup;
			children = (
				OBJ_8 /* main.swift */,
			);
			path = Sources;
			sourceTree = SOURCE_ROOT;
		};
		OBJ_81 /* FastCGI */ = {
			isa = PBXGroup;
			children = (
				OBJ_82 /* FastCGI.swift */,
				OBJ_83 /* FastCGIRecordCreate.swift */,
				OBJ_84 /* FastCGIRecordParser.swift */,
				OBJ_85 /* FastCGIServer.swift */,
				OBJ_86 /* FastCGIServerRequest.swift */,
				OBJ_87 /* FastCGIServerResponse.swift */,
			);
			path = FastCGI;
			sourceTree = "<group>";
		};
		OBJ_88 /* HTTP */ = {
			isa = PBXGroup;
			children = (
				OBJ_89 /* HTTP.swift */,
				OBJ_90 /* HTTPServer.swift */,
				OBJ_91 /* HTTPServerRequest.swift */,
				OBJ_92 /* HTTPServerResponse.swift */,
				OBJ_93 /* IncomingHTTPSocketProcessor.swift */,
			);
			path = HTTP;
			sourceTree = "<group>";
		};
		OBJ_9 /* Tests */ = {
			isa = PBXGroup;
			children = (
			);
			name = Tests;
			sourceTree = SOURCE_ROOT;
		};
		OBJ_94 /* HTTPParser */ = {
			isa = PBXGroup;
			children = (
				OBJ_95 /* HTTPParser.swift */,
				OBJ_96 /* HTTPParserStatus.swift */,
				OBJ_97 /* ParseResults.swift */,
				OBJ_98 /* URLParser.swift */,
			);
			path = HTTPParser;
			sourceTree = "<group>";
		};
		OBJ_99 /* Server */ = {
			isa = PBXGroup;
			children = (
				OBJ_100 /* Server.swift */,
				OBJ_101 /* ServerDelegate.swift */,
				OBJ_102 /* ServerLifecycleListener.swift */,
				OBJ_103 /* ServerMonitor.swift */,
				OBJ_104 /* ServerState.swift */,
			);
			path = Server;
			sourceTree = "<group>";
		};
/* End PBXGroup section */

/* Begin PBXNativeTarget section */
		OBJ_132 /* LoggerAPI */ = {
			isa = PBXNativeTarget;
			buildConfigurationList = OBJ_133 /* Build configuration list for PBXNativeTarget "LoggerAPI" */;
			buildPhases = (
				OBJ_136 /* Sources */,
				OBJ_138 /* Frameworks */,
			);
			buildRules = (
			);
			dependencies = (
			);
			name = LoggerAPI;
			productName = LoggerAPI;
			productReference = OBJ_123 /* LoggerAPI.framework */;
			productType = "com.apple.product-type.framework";
		};
		OBJ_139 /* Socket */ = {
			isa = PBXNativeTarget;
			buildConfigurationList = OBJ_140 /* Build configuration list for PBXNativeTarget "Socket" */;
			buildPhases = (
				OBJ_143 /* Sources */,
				OBJ_147 /* Frameworks */,
			);
			buildRules = (
			);
			dependencies = (
			);
			name = Socket;
			productName = Socket;
			productReference = OBJ_124 /* Socket.framework */;
			productType = "com.apple.product-type.framework";
		};
		OBJ_148 /* SSLService */ = {
			isa = PBXNativeTarget;
			buildConfigurationList = OBJ_149 /* Build configuration list for PBXNativeTarget "SSLService" */;
			buildPhases = (
				OBJ_152 /* Sources */,
				OBJ_154 /* Frameworks */,
			);
			buildRules = (
			);
			dependencies = (
				OBJ_156 /* PBXTargetDependency */,
			);
			name = SSLService;
			productName = SSLService;
			productReference = OBJ_125 /* SSLService.framework */;
			productType = "com.apple.product-type.framework";
		};
		OBJ_157 /* KituraNet */ = {
			isa = PBXNativeTarget;
			buildConfigurationList = OBJ_158 /* Build configuration list for PBXNativeTarget "KituraNet" */;
			buildPhases = (
				OBJ_161 /* Sources */,
				OBJ_196 /* Frameworks */,
			);
			buildRules = (
			);
			dependencies = (
				OBJ_201 /* PBXTargetDependency */,
				OBJ_202 /* PBXTargetDependency */,
				OBJ_203 /* PBXTargetDependency */,
				OBJ_204 /* PBXTargetDependency */,
			);
			name = KituraNet;
			productName = KituraNet;
			productReference = OBJ_126 /* KituraNet.framework */;
			productType = "com.apple.product-type.framework";
		};
		OBJ_205 /* CHTTPParser */ = {
			isa = PBXNativeTarget;
			buildConfigurationList = OBJ_206 /* Build configuration list for PBXNativeTarget "CHTTPParser" */;
			buildPhases = (
				OBJ_209 /* ShellScript */,
				OBJ_210 /* Sources */,
				OBJ_213 /* Frameworks */,
			);
			buildRules = (
			);
			dependencies = (
				OBJ_217 /* PBXTargetDependency */,
				OBJ_218 /* PBXTargetDependency */,
				OBJ_219 /* PBXTargetDependency */,
			);
			name = CHTTPParser;
			productName = CHTTPParser;
			productReference = OBJ_127 /* CHTTPParser.framework */;
			productType = "com.apple.product-type.framework";
		};
		OBJ_220 /* SwiftyJSON */ = {
			isa = PBXNativeTarget;
			buildConfigurationList = OBJ_221 /* Build configuration list for PBXNativeTarget "SwiftyJSON" */;
			buildPhases = (
				OBJ_224 /* Sources */,
				OBJ_227 /* Frameworks */,
			);
			buildRules = (
			);
			dependencies = (
			);
			name = SwiftyJSON;
			productName = SwiftyJSON;
			productReference = OBJ_128 /* SwiftyJSON.framework */;
			productType = "com.apple.product-type.framework";
		};
		OBJ_228 /* KituraTemplateEngine */ = {
			isa = PBXNativeTarget;
			buildConfigurationList = OBJ_229 /* Build configuration list for PBXNativeTarget "KituraTemplateEngine" */;
			buildPhases = (
				OBJ_232 /* Sources */,
				OBJ_234 /* Frameworks */,
			);
			buildRules = (
			);
			dependencies = (
			);
			name = KituraTemplateEngine;
			productName = KituraTemplateEngine;
			productReference = OBJ_129 /* KituraTemplateEngine.framework */;
			productType = "com.apple.product-type.framework";
		};
		OBJ_235 /* Kitura */ = {
			isa = PBXNativeTarget;
			buildConfigurationList = OBJ_236 /* Build configuration list for PBXNativeTarget "Kitura" */;
			buildPhases = (
				OBJ_239 /* Sources */,
				OBJ_283 /* Frameworks */,
			);
			buildRules = (
			);
			dependencies = (
				OBJ_291 /* PBXTargetDependency */,
				OBJ_292 /* PBXTargetDependency */,
				OBJ_293 /* PBXTargetDependency */,
				OBJ_294 /* PBXTargetDependency */,
				OBJ_295 /* PBXTargetDependency */,
				OBJ_296 /* PBXTargetDependency */,
				OBJ_297 /* PBXTargetDependency */,
			);
			name = Kitura;
			productName = Kitura;
			productReference = OBJ_130 /* Kitura.framework */;
			productType = "com.apple.product-type.framework";
		};
		OBJ_298 /* KituraAPI */ = {
			isa = PBXNativeTarget;
			buildConfigurationList = OBJ_299 /* Build configuration list for PBXNativeTarget "KituraAPI" */;
			buildPhases = (
				OBJ_302 /* Sources */,
				OBJ_304 /* Frameworks */,
			);
			buildRules = (
			);
			dependencies = (
				OBJ_313 /* PBXTargetDependency */,
				OBJ_314 /* PBXTargetDependency */,
				OBJ_315 /* PBXTargetDependency */,
				OBJ_316 /* PBXTargetDependency */,
				OBJ_317 /* PBXTargetDependency */,
				OBJ_318 /* PBXTargetDependency */,
				OBJ_319 /* PBXTargetDependency */,
				OBJ_320 /* PBXTargetDependency */,
			);
			name = KituraAPI;
			productName = KituraAPI;
			productReference = OBJ_131 /* KituraAPI */;
			productType = "com.apple.product-type.tool";
		};
/* End PBXNativeTarget section */

/* Begin PBXProject section */
		OBJ_1 /* Project object */ = {
			isa = PBXProject;
			attributes = {
				LastUpgradeCheck = 9999;
			};
			buildConfigurationList = OBJ_2 /* Build configuration list for PBXProject "KituraAPI" */;
			compatibilityVersion = "Xcode 3.2";
			developmentRegion = English;
			hasScannedForEncodings = 0;
			knownRegions = (
				en,
			);
			mainGroup = OBJ_5 /*  */;
			productRefGroup = OBJ_122 /* Products */;
			projectDirPath = "";
			projectRoot = "";
			targets = (
				OBJ_132 /* LoggerAPI */,
				OBJ_139 /* Socket */,
				OBJ_148 /* SSLService */,
				OBJ_157 /* KituraNet */,
				OBJ_205 /* CHTTPParser */,
				OBJ_220 /* SwiftyJSON */,
				OBJ_228 /* KituraTemplateEngine */,
				OBJ_235 /* Kitura */,
				OBJ_298 /* KituraAPI */,
			);
		};
/* End PBXProject section */

/* Begin PBXShellScriptBuildPhase section */
		OBJ_209 /* ShellScript */ = {
			isa = PBXShellScriptBuildPhase;
			buildActionMask = 0;
			files = (
			);
			runOnlyForDeploymentPostprocessing = 0;
			shellPath = /bin/sh;
			shellScript = "mkdir -p \"${PROJECT_TEMP_DIR}/SymlinkLibs\"\nln -sf \"${BUILT_PRODUCTS_DIR}/${EXECUTABLE_PATH}\" \"${PROJECT_TEMP_DIR}/SymlinkLibs/lib${EXECUTABLE_NAME}.dylib\"\n";
		};
/* End PBXShellScriptBuildPhase section */

/* Begin PBXSourcesBuildPhase section */
		OBJ_136 /* Sources */ = {
			isa = PBXSourcesBuildPhase;
			buildActionMask = 0;
			files = (
				OBJ_137 /* Logger.swift in Sources */,
			);
			runOnlyForDeploymentPostprocessing = 0;
		};
		OBJ_143 /* Sources */ = {
			isa = PBXSourcesBuildPhase;
			buildActionMask = 0;
			files = (
				OBJ_144 /* Socket.swift in Sources */,
				OBJ_145 /* SocketProtocols.swift in Sources */,
				OBJ_146 /* SocketUtils.swift in Sources */,
			);
			runOnlyForDeploymentPostprocessing = 0;
		};
		OBJ_152 /* Sources */ = {
			isa = PBXSourcesBuildPhase;
			buildActionMask = 0;
			files = (
				OBJ_153 /* SSLService.swift in Sources */,
			);
			runOnlyForDeploymentPostprocessing = 0;
		};
		OBJ_161 /* Sources */ = {
			isa = PBXSourcesBuildPhase;
			buildActionMask = 0;
			files = (
				OBJ_162 /* BufferList.swift in Sources */,
				OBJ_163 /* ClientRequest.swift in Sources */,
				OBJ_164 /* ClientResponse.swift in Sources */,
				OBJ_165 /* ConnectionUpgradeFactory.swift in Sources */,
				OBJ_166 /* ConnectionUpgrader.swift in Sources */,
				OBJ_167 /* Error.swift in Sources */,
				OBJ_168 /* HeadersContainer.swift in Sources */,
				OBJ_169 /* IncomingSocketHandler.swift in Sources */,
				OBJ_170 /* IncomingSocketManager.swift in Sources */,
				OBJ_171 /* IncomingSocketProcessor.swift in Sources */,
				OBJ_172 /* ListenerGroup.swift in Sources */,
				OBJ_173 /* ServerRequest.swift in Sources */,
				OBJ_174 /* ServerResponse.swift in Sources */,
				OBJ_175 /* SPIUtils.swift in Sources */,
				OBJ_176 /* FastCGI.swift in Sources */,
				OBJ_177 /* FastCGIRecordCreate.swift in Sources */,
				OBJ_178 /* FastCGIRecordParser.swift in Sources */,
				OBJ_179 /* FastCGIServer.swift in Sources */,
				OBJ_180 /* FastCGIServerRequest.swift in Sources */,
				OBJ_181 /* FastCGIServerResponse.swift in Sources */,
				OBJ_182 /* HTTP.swift in Sources */,
				OBJ_183 /* HTTPServer.swift in Sources */,
				OBJ_184 /* HTTPServerRequest.swift in Sources */,
				OBJ_185 /* HTTPServerResponse.swift in Sources */,
				OBJ_186 /* IncomingHTTPSocketProcessor.swift in Sources */,
				OBJ_187 /* HTTPParser.swift in Sources */,
				OBJ_188 /* HTTPParserStatus.swift in Sources */,
				OBJ_189 /* ParseResults.swift in Sources */,
				OBJ_190 /* URLParser.swift in Sources */,
				OBJ_191 /* Server.swift in Sources */,
				OBJ_192 /* ServerDelegate.swift in Sources */,
				OBJ_193 /* ServerLifecycleListener.swift in Sources */,
				OBJ_194 /* ServerMonitor.swift in Sources */,
				OBJ_195 /* ServerState.swift in Sources */,
			);
			runOnlyForDeploymentPostprocessing = 0;
		};
		OBJ_210 /* Sources */ = {
			isa = PBXSourcesBuildPhase;
			buildActionMask = 0;
			files = (
				OBJ_211 /* http_parser.c in Sources */,
				OBJ_212 /* utils.c in Sources */,
			);
			runOnlyForDeploymentPostprocessing = 0;
		};
		OBJ_224 /* Sources */ = {
			isa = PBXSourcesBuildPhase;
			buildActionMask = 0;
			files = (
				OBJ_225 /* LclJSONSerialization.swift in Sources */,
				OBJ_226 /* SwiftyJSON.swift in Sources */,
			);
			runOnlyForDeploymentPostprocessing = 0;
		};
		OBJ_232 /* Sources */ = {
			isa = PBXSourcesBuildPhase;
			buildActionMask = 0;
			files = (
				OBJ_233 /* TemplateEngine.swift in Sources */,
			);
			runOnlyForDeploymentPostprocessing = 0;
		};
		OBJ_239 /* Sources */ = {
			isa = PBXSourcesBuildPhase;
			buildActionMask = 0;
			files = (
				OBJ_240 /* Error.swift in Sources */,
				OBJ_241 /* FileResourceServer.swift in Sources */,
				OBJ_242 /* Headers.swift in Sources */,
				OBJ_243 /* HTTPVersion.swift in Sources */,
				OBJ_244 /* InternalError.swift in Sources */,
				OBJ_245 /* JSONPError.swift in Sources */,
				OBJ_246 /* Kitura.swift in Sources */,
				OBJ_247 /* LinkParameter.swift in Sources */,
				OBJ_248 /* MimeTypeAcceptor.swift in Sources */,
				OBJ_249 /* Router.swift in Sources */,
				OBJ_250 /* RouteRegex.swift in Sources */,
				OBJ_251 /* RouterElement.swift in Sources */,
				OBJ_252 /* RouterElementWalker.swift in Sources */,
				OBJ_253 /* RouterHandler.swift in Sources */,
				OBJ_254 /* RouterHTTPVerbs+Error.swift in Sources */,
				OBJ_255 /* RouterHTTPVerbs_generated.swift in Sources */,
				OBJ_256 /* RouterMethod.swift in Sources */,
				OBJ_257 /* RouterMiddleware.swift in Sources */,
				OBJ_258 /* RouterMiddlewareGenerator.swift in Sources */,
				OBJ_259 /* RouterMiddlewareWalker.swift in Sources */,
				OBJ_260 /* RouterParameterWalker.swift in Sources */,
				OBJ_261 /* RouterRequest.swift in Sources */,
				OBJ_262 /* RouterResponse.swift in Sources */,
				OBJ_263 /* SSLConfig.swift in Sources */,
				OBJ_264 /* String+Extensions.swift in Sources */,
				OBJ_265 /* TemplatingError.swift in Sources */,
				OBJ_266 /* BodyParser.swift in Sources */,
				OBJ_267 /* BodyParserProtocol.swift in Sources */,
				OBJ_268 /* JSONBodyParser.swift in Sources */,
				OBJ_269 /* MultiPartBodyParser.swift in Sources */,
				OBJ_270 /* ParsedBody.swift in Sources */,
				OBJ_271 /* Part.swift in Sources */,
				OBJ_272 /* RawBodyParser.swift in Sources */,
				OBJ_273 /* TextBodyParser.swift in Sources */,
				OBJ_274 /* URLEncodedBodyParser.swift in Sources */,
				OBJ_275 /* ContentType.swift in Sources */,
				OBJ_276 /* types.swift in Sources */,
				OBJ_277 /* CacheRelatedHeadersSetter.swift in Sources */,
				OBJ_278 /* CompositeHeadersSetter.swift in Sources */,
				OBJ_279 /* FileServer.swift in Sources */,
				OBJ_280 /* ResourcePathHandler.swift in Sources */,
				OBJ_281 /* ResponseHeadersSetter.swift in Sources */,
				OBJ_282 /* StaticFileServer.swift in Sources */,
			);
			runOnlyForDeploymentPostprocessing = 0;
		};
		OBJ_302 /* Sources */ = {
			isa = PBXSourcesBuildPhase;
			buildActionMask = 0;
			files = (
				OBJ_303 /* main.swift in Sources */,
			);
			runOnlyForDeploymentPostprocessing = 0;
		};
/* End PBXSourcesBuildPhase section */

/* Begin PBXTargetDependency section */
		OBJ_156 /* PBXTargetDependency */ = {
			isa = PBXTargetDependency;
			target = OBJ_139 /* Socket */;
			targetProxy = 8FFC43DA1EABC10E00CDB9C1 /* PBXContainerItemProxy */;
		};
		OBJ_201 /* PBXTargetDependency */ = {
			isa = PBXTargetDependency;
			target = OBJ_132 /* LoggerAPI */;
			targetProxy = 8FFC43DB1EABC10E00CDB9C1 /* PBXContainerItemProxy */;
		};
		OBJ_202 /* PBXTargetDependency */ = {
			isa = PBXTargetDependency;
			target = OBJ_139 /* Socket */;
			targetProxy = 8FFC43DC1EABC10E00CDB9C1 /* PBXContainerItemProxy */;
		};
		OBJ_203 /* PBXTargetDependency */ = {
			isa = PBXTargetDependency;
			target = OBJ_148 /* SSLService */;
			targetProxy = 8FFC43DD1EABC10E00CDB9C1 /* PBXContainerItemProxy */;
		};
		OBJ_204 /* PBXTargetDependency */ = {
			isa = PBXTargetDependency;
			target = OBJ_205 /* CHTTPParser */;
			targetProxy = 8FFC43DE1EABC10E00CDB9C1 /* PBXContainerItemProxy */;
		};
		OBJ_217 /* PBXTargetDependency */ = {
			isa = PBXTargetDependency;
			target = OBJ_132 /* LoggerAPI */;
			targetProxy = 8FFC43DF1EABC10E00CDB9C1 /* PBXContainerItemProxy */;
		};
		OBJ_218 /* PBXTargetDependency */ = {
			isa = PBXTargetDependency;
			target = OBJ_139 /* Socket */;
			targetProxy = 8FFC43E01EABC10E00CDB9C1 /* PBXContainerItemProxy */;
		};
		OBJ_219 /* PBXTargetDependency */ = {
			isa = PBXTargetDependency;
			target = OBJ_148 /* SSLService */;
			targetProxy = 8FFC43E11EABC10E00CDB9C1 /* PBXContainerItemProxy */;
		};
		OBJ_291 /* PBXTargetDependency */ = {
			isa = PBXTargetDependency;
			target = OBJ_132 /* LoggerAPI */;
			targetProxy = 8FFC43E21EABC10E00CDB9C1 /* PBXContainerItemProxy */;
		};
		OBJ_292 /* PBXTargetDependency */ = {
			isa = PBXTargetDependency;
			target = OBJ_139 /* Socket */;
			targetProxy = 8FFC43E31EABC10E00CDB9C1 /* PBXContainerItemProxy */;
		};
		OBJ_293 /* PBXTargetDependency */ = {
			isa = PBXTargetDependency;
			target = OBJ_148 /* SSLService */;
			targetProxy = 8FFC43E41EABC10E00CDB9C1 /* PBXContainerItemProxy */;
		};
		OBJ_294 /* PBXTargetDependency */ = {
			isa = PBXTargetDependency;
			target = OBJ_205 /* CHTTPParser */;
			targetProxy = 8FFC43E51EABC10E00CDB9C1 /* PBXContainerItemProxy */;
		};
		OBJ_295 /* PBXTargetDependency */ = {
			isa = PBXTargetDependency;
			target = OBJ_157 /* KituraNet */;
			targetProxy = 8FFC43E61EABC10E00CDB9C1 /* PBXContainerItemProxy */;
		};
		OBJ_296 /* PBXTargetDependency */ = {
			isa = PBXTargetDependency;
			target = OBJ_220 /* SwiftyJSON */;
			targetProxy = 8FFC43E71EABC10E00CDB9C1 /* PBXContainerItemProxy */;
		};
		OBJ_297 /* PBXTargetDependency */ = {
			isa = PBXTargetDependency;
			target = OBJ_228 /* KituraTemplateEngine */;
			targetProxy = 8FFC43E81EABC10E00CDB9C1 /* PBXContainerItemProxy */;
		};
		OBJ_313 /* PBXTargetDependency */ = {
			isa = PBXTargetDependency;
			target = OBJ_132 /* LoggerAPI */;
			targetProxy = 8FFC43E91EABC10E00CDB9C1 /* PBXContainerItemProxy */;
		};
		OBJ_314 /* PBXTargetDependency */ = {
			isa = PBXTargetDependency;
			target = OBJ_139 /* Socket */;
			targetProxy = 8FFC43EA1EABC10E00CDB9C1 /* PBXContainerItemProxy */;
		};
		OBJ_315 /* PBXTargetDependency */ = {
			isa = PBXTargetDependency;
			target = OBJ_148 /* SSLService */;
			targetProxy = 8FFC43EB1EABC10E00CDB9C1 /* PBXContainerItemProxy */;
		};
		OBJ_316 /* PBXTargetDependency */ = {
			isa = PBXTargetDependency;
			target = OBJ_205 /* CHTTPParser */;
			targetProxy = 8FFC43EC1EABC10E00CDB9C1 /* PBXContainerItemProxy */;
		};
		OBJ_317 /* PBXTargetDependency */ = {
			isa = PBXTargetDependency;
			target = OBJ_157 /* KituraNet */;
			targetProxy = 8FFC43ED1EABC10E00CDB9C1 /* PBXContainerItemProxy */;
		};
		OBJ_318 /* PBXTargetDependency */ = {
			isa = PBXTargetDependency;
			target = OBJ_220 /* SwiftyJSON */;
			targetProxy = 8FFC43EE1EABC10E00CDB9C1 /* PBXContainerItemProxy */;
		};
		OBJ_319 /* PBXTargetDependency */ = {
			isa = PBXTargetDependency;
			target = OBJ_228 /* KituraTemplateEngine */;
			targetProxy = 8FFC43EF1EABC10E00CDB9C1 /* PBXContainerItemProxy */;
		};
		OBJ_320 /* PBXTargetDependency */ = {
			isa = PBXTargetDependency;
			target = OBJ_235 /* Kitura */;
			targetProxy = 8FFC43F01EABC10E00CDB9C1 /* PBXContainerItemProxy */;
		};
/* End PBXTargetDependency section */

/* Begin XCBuildConfiguration section */
		OBJ_134 /* Debug */ = {
			isa = XCBuildConfiguration;
			buildSettings = {
				ENABLE_TESTABILITY = YES;
				FRAMEWORK_SEARCH_PATHS = (
					"$(inherited)",
					"$(PLATFORM_DIR)/Developer/Library/Frameworks",
				);
				HEADER_SEARCH_PATHS = "$(inherited)";
				INFOPLIST_FILE = KituraAPI.xcodeproj/LoggerAPI_Info.plist;
				LD_RUNPATH_SEARCH_PATHS = "$(TOOLCHAIN_DIR)/usr/lib/swift/macosx";
				OTHER_LDFLAGS = "$(inherited)";
				OTHER_SWIFT_FLAGS = "$(inherited)";
				PRODUCT_BUNDLE_IDENTIFIER = LoggerAPI;
				PRODUCT_MODULE_NAME = "$(TARGET_NAME:c99extidentifier)";
				PRODUCT_NAME = "$(TARGET_NAME:c99extidentifier)";
				SKIP_INSTALL = YES;
				TARGET_NAME = LoggerAPI;
			};
			name = Debug;
		};
		OBJ_135 /* Release */ = {
			isa = XCBuildConfiguration;
			buildSettings = {
				ENABLE_TESTABILITY = YES;
				FRAMEWORK_SEARCH_PATHS = (
					"$(inherited)",
					"$(PLATFORM_DIR)/Developer/Library/Frameworks",
				);
				HEADER_SEARCH_PATHS = "$(inherited)";
				INFOPLIST_FILE = KituraAPI.xcodeproj/LoggerAPI_Info.plist;
				LD_RUNPATH_SEARCH_PATHS = "$(TOOLCHAIN_DIR)/usr/lib/swift/macosx";
				OTHER_LDFLAGS = "$(inherited)";
				OTHER_SWIFT_FLAGS = "$(inherited)";
				PRODUCT_BUNDLE_IDENTIFIER = LoggerAPI;
				PRODUCT_MODULE_NAME = "$(TARGET_NAME:c99extidentifier)";
				PRODUCT_NAME = "$(TARGET_NAME:c99extidentifier)";
				SKIP_INSTALL = YES;
				TARGET_NAME = LoggerAPI;
			};
			name = Release;
		};
		OBJ_141 /* Debug */ = {
			isa = XCBuildConfiguration;
			buildSettings = {
				ENABLE_TESTABILITY = YES;
				FRAMEWORK_SEARCH_PATHS = (
					"$(inherited)",
					"$(PLATFORM_DIR)/Developer/Library/Frameworks",
				);
				HEADER_SEARCH_PATHS = "$(inherited)";
				INFOPLIST_FILE = KituraAPI.xcodeproj/Socket_Info.plist;
				LD_RUNPATH_SEARCH_PATHS = "$(TOOLCHAIN_DIR)/usr/lib/swift/macosx";
				OTHER_LDFLAGS = "$(inherited)";
				OTHER_SWIFT_FLAGS = "$(inherited)";
				PRODUCT_BUNDLE_IDENTIFIER = Socket;
				PRODUCT_MODULE_NAME = "$(TARGET_NAME:c99extidentifier)";
				PRODUCT_NAME = "$(TARGET_NAME:c99extidentifier)";
				SKIP_INSTALL = YES;
				TARGET_NAME = Socket;
			};
			name = Debug;
		};
		OBJ_142 /* Release */ = {
			isa = XCBuildConfiguration;
			buildSettings = {
				ENABLE_TESTABILITY = YES;
				FRAMEWORK_SEARCH_PATHS = (
					"$(inherited)",
					"$(PLATFORM_DIR)/Developer/Library/Frameworks",
				);
				HEADER_SEARCH_PATHS = "$(inherited)";
				INFOPLIST_FILE = KituraAPI.xcodeproj/Socket_Info.plist;
				LD_RUNPATH_SEARCH_PATHS = "$(TOOLCHAIN_DIR)/usr/lib/swift/macosx";
				OTHER_LDFLAGS = "$(inherited)";
				OTHER_SWIFT_FLAGS = "$(inherited)";
				PRODUCT_BUNDLE_IDENTIFIER = Socket;
				PRODUCT_MODULE_NAME = "$(TARGET_NAME:c99extidentifier)";
				PRODUCT_NAME = "$(TARGET_NAME:c99extidentifier)";
				SKIP_INSTALL = YES;
				TARGET_NAME = Socket;
			};
			name = Release;
		};
		OBJ_150 /* Debug */ = {
			isa = XCBuildConfiguration;
			buildSettings = {
				ENABLE_TESTABILITY = YES;
				FRAMEWORK_SEARCH_PATHS = (
					"$(inherited)",
					"$(PLATFORM_DIR)/Developer/Library/Frameworks",
				);
				HEADER_SEARCH_PATHS = "$(inherited)";
				INFOPLIST_FILE = KituraAPI.xcodeproj/SSLService_Info.plist;
				LD_RUNPATH_SEARCH_PATHS = "$(TOOLCHAIN_DIR)/usr/lib/swift/macosx";
				OTHER_LDFLAGS = "$(inherited)";
				OTHER_SWIFT_FLAGS = "$(inherited)";
				PRODUCT_BUNDLE_IDENTIFIER = SSLService;
				PRODUCT_MODULE_NAME = "$(TARGET_NAME:c99extidentifier)";
				PRODUCT_NAME = "$(TARGET_NAME:c99extidentifier)";
				SKIP_INSTALL = YES;
				TARGET_NAME = SSLService;
			};
			name = Debug;
		};
		OBJ_151 /* Release */ = {
			isa = XCBuildConfiguration;
			buildSettings = {
				ENABLE_TESTABILITY = YES;
				FRAMEWORK_SEARCH_PATHS = (
					"$(inherited)",
					"$(PLATFORM_DIR)/Developer/Library/Frameworks",
				);
				HEADER_SEARCH_PATHS = "$(inherited)";
				INFOPLIST_FILE = KituraAPI.xcodeproj/SSLService_Info.plist;
				LD_RUNPATH_SEARCH_PATHS = "$(TOOLCHAIN_DIR)/usr/lib/swift/macosx";
				OTHER_LDFLAGS = "$(inherited)";
				OTHER_SWIFT_FLAGS = "$(inherited)";
				PRODUCT_BUNDLE_IDENTIFIER = SSLService;
				PRODUCT_MODULE_NAME = "$(TARGET_NAME:c99extidentifier)";
				PRODUCT_NAME = "$(TARGET_NAME:c99extidentifier)";
				SKIP_INSTALL = YES;
				TARGET_NAME = SSLService;
			};
			name = Release;
		};
		OBJ_159 /* Debug */ = {
			isa = XCBuildConfiguration;
			buildSettings = {
				ENABLE_TESTABILITY = YES;
				FRAMEWORK_SEARCH_PATHS = (
					"$(inherited)",
					"$(PLATFORM_DIR)/Developer/Library/Frameworks",
				);
				HEADER_SEARCH_PATHS = (
					"$(inherited)",
					"$(SRCROOT)/.build/checkouts/CCurl.git-8026296523752779197",
					"$(SRCROOT)/.build/checkouts/Kitura-net.git--7410958935072501107/Sources/CHTTPParser/include",
				);
				INFOPLIST_FILE = KituraAPI.xcodeproj/KituraNet_Info.plist;
				LD_RUNPATH_SEARCH_PATHS = "$(TOOLCHAIN_DIR)/usr/lib/swift/macosx";
				LIBRARY_SEARCH_PATHS = "$(PROJECT_TEMP_DIR)/SymlinkLibs/";
				OTHER_LDFLAGS = "$(inherited)";
				OTHER_SWIFT_FLAGS = "$(inherited) -Xcc -fmodule-map-file=$(SRCROOT)/.build/checkouts/Kitura-net.git--7410958935072501107/Sources/CHTTPParser/include/module.modulemap";
				PRODUCT_BUNDLE_IDENTIFIER = KituraNet;
				PRODUCT_MODULE_NAME = "$(TARGET_NAME:c99extidentifier)";
				PRODUCT_NAME = "$(TARGET_NAME:c99extidentifier)";
				SKIP_INSTALL = YES;
				TARGET_NAME = KituraNet;
			};
			name = Debug;
		};
		OBJ_160 /* Release */ = {
			isa = XCBuildConfiguration;
			buildSettings = {
				ENABLE_TESTABILITY = YES;
				FRAMEWORK_SEARCH_PATHS = (
					"$(inherited)",
					"$(PLATFORM_DIR)/Developer/Library/Frameworks",
				);
				HEADER_SEARCH_PATHS = (
					"$(inherited)",
					"$(SRCROOT)/.build/checkouts/CCurl.git-8026296523752779197",
					"$(SRCROOT)/.build/checkouts/Kitura-net.git--7410958935072501107/Sources/CHTTPParser/include",
				);
				INFOPLIST_FILE = KituraAPI.xcodeproj/KituraNet_Info.plist;
				LD_RUNPATH_SEARCH_PATHS = "$(TOOLCHAIN_DIR)/usr/lib/swift/macosx";
				LIBRARY_SEARCH_PATHS = "$(PROJECT_TEMP_DIR)/SymlinkLibs/";
				OTHER_LDFLAGS = "$(inherited)";
				OTHER_SWIFT_FLAGS = "$(inherited) -Xcc -fmodule-map-file=$(SRCROOT)/.build/checkouts/Kitura-net.git--7410958935072501107/Sources/CHTTPParser/include/module.modulemap";
				PRODUCT_BUNDLE_IDENTIFIER = KituraNet;
				PRODUCT_MODULE_NAME = "$(TARGET_NAME:c99extidentifier)";
				PRODUCT_NAME = "$(TARGET_NAME:c99extidentifier)";
				SKIP_INSTALL = YES;
				TARGET_NAME = KituraNet;
			};
			name = Release;
		};
		OBJ_207 /* Debug */ = {
			isa = XCBuildConfiguration;
			buildSettings = {
				DEFINES_MODULE = NO;
				ENABLE_TESTABILITY = YES;
				FRAMEWORK_SEARCH_PATHS = (
					"$(inherited)",
					"$(PLATFORM_DIR)/Developer/Library/Frameworks",
				);
				HEADER_SEARCH_PATHS = (
					"$(inherited)",
					"$(SRCROOT)/.build/checkouts/Kitura-net.git--7410958935072501107/Sources/CHTTPParser/include",
					"$(SRCROOT)/.build/checkouts/CCurl.git-8026296523752779197",
				);
				INFOPLIST_FILE = KituraAPI.xcodeproj/CHTTPParser_Info.plist;
				LD_RUNPATH_SEARCH_PATHS = "$(TOOLCHAIN_DIR)/usr/lib/swift/macosx";
				OTHER_LDFLAGS = "$(inherited)";
				OTHER_SWIFT_FLAGS = "$(inherited)";
				PRODUCT_BUNDLE_IDENTIFIER = CHTTPParser;
				PRODUCT_MODULE_NAME = "$(TARGET_NAME:c99extidentifier)";
				PRODUCT_NAME = "$(TARGET_NAME:c99extidentifier)";
				SKIP_INSTALL = YES;
				TARGET_NAME = CHTTPParser;
			};
			name = Debug;
		};
		OBJ_208 /* Release */ = {
			isa = XCBuildConfiguration;
			buildSettings = {
				DEFINES_MODULE = NO;
				ENABLE_TESTABILITY = YES;
				FRAMEWORK_SEARCH_PATHS = (
					"$(inherited)",
					"$(PLATFORM_DIR)/Developer/Library/Frameworks",
				);
				HEADER_SEARCH_PATHS = (
					"$(inherited)",
					"$(SRCROOT)/.build/checkouts/Kitura-net.git--7410958935072501107/Sources/CHTTPParser/include",
					"$(SRCROOT)/.build/checkouts/CCurl.git-8026296523752779197",
				);
				INFOPLIST_FILE = KituraAPI.xcodeproj/CHTTPParser_Info.plist;
				LD_RUNPATH_SEARCH_PATHS = "$(TOOLCHAIN_DIR)/usr/lib/swift/macosx";
				OTHER_LDFLAGS = "$(inherited)";
				OTHER_SWIFT_FLAGS = "$(inherited)";
				PRODUCT_BUNDLE_IDENTIFIER = CHTTPParser;
				PRODUCT_MODULE_NAME = "$(TARGET_NAME:c99extidentifier)";
				PRODUCT_NAME = "$(TARGET_NAME:c99extidentifier)";
				SKIP_INSTALL = YES;
				TARGET_NAME = CHTTPParser;
			};
			name = Release;
		};
		OBJ_222 /* Debug */ = {
			isa = XCBuildConfiguration;
			buildSettings = {
				ENABLE_TESTABILITY = YES;
				FRAMEWORK_SEARCH_PATHS = (
					"$(inherited)",
					"$(PLATFORM_DIR)/Developer/Library/Frameworks",
				);
				HEADER_SEARCH_PATHS = "$(inherited)";
				INFOPLIST_FILE = KituraAPI.xcodeproj/SwiftyJSON_Info.plist;
				LD_RUNPATH_SEARCH_PATHS = "$(TOOLCHAIN_DIR)/usr/lib/swift/macosx";
				OTHER_LDFLAGS = "$(inherited)";
				OTHER_SWIFT_FLAGS = "$(inherited)";
				PRODUCT_BUNDLE_IDENTIFIER = SwiftyJSON;
				PRODUCT_MODULE_NAME = "$(TARGET_NAME:c99extidentifier)";
				PRODUCT_NAME = "$(TARGET_NAME:c99extidentifier)";
				SKIP_INSTALL = YES;
				TARGET_NAME = SwiftyJSON;
			};
			name = Debug;
		};
		OBJ_223 /* Release */ = {
			isa = XCBuildConfiguration;
			buildSettings = {
				ENABLE_TESTABILITY = YES;
				FRAMEWORK_SEARCH_PATHS = (
					"$(inherited)",
					"$(PLATFORM_DIR)/Developer/Library/Frameworks",
				);
				HEADER_SEARCH_PATHS = "$(inherited)";
				INFOPLIST_FILE = KituraAPI.xcodeproj/SwiftyJSON_Info.plist;
				LD_RUNPATH_SEARCH_PATHS = "$(TOOLCHAIN_DIR)/usr/lib/swift/macosx";
				OTHER_LDFLAGS = "$(inherited)";
				OTHER_SWIFT_FLAGS = "$(inherited)";
				PRODUCT_BUNDLE_IDENTIFIER = SwiftyJSON;
				PRODUCT_MODULE_NAME = "$(TARGET_NAME:c99extidentifier)";
				PRODUCT_NAME = "$(TARGET_NAME:c99extidentifier)";
				SKIP_INSTALL = YES;
				TARGET_NAME = SwiftyJSON;
			};
			name = Release;
		};
		OBJ_230 /* Debug */ = {
			isa = XCBuildConfiguration;
			buildSettings = {
				ENABLE_TESTABILITY = YES;
				FRAMEWORK_SEARCH_PATHS = (
					"$(inherited)",
					"$(PLATFORM_DIR)/Developer/Library/Frameworks",
				);
				HEADER_SEARCH_PATHS = "$(inherited)";
				INFOPLIST_FILE = KituraAPI.xcodeproj/KituraTemplateEngine_Info.plist;
				LD_RUNPATH_SEARCH_PATHS = "$(TOOLCHAIN_DIR)/usr/lib/swift/macosx";
				OTHER_LDFLAGS = "$(inherited)";
				OTHER_SWIFT_FLAGS = "$(inherited)";
				PRODUCT_BUNDLE_IDENTIFIER = KituraTemplateEngine;
				PRODUCT_MODULE_NAME = "$(TARGET_NAME:c99extidentifier)";
				PRODUCT_NAME = "$(TARGET_NAME:c99extidentifier)";
				SKIP_INSTALL = YES;
				TARGET_NAME = KituraTemplateEngine;
			};
			name = Debug;
		};
		OBJ_231 /* Release */ = {
			isa = XCBuildConfiguration;
			buildSettings = {
				ENABLE_TESTABILITY = YES;
				FRAMEWORK_SEARCH_PATHS = (
					"$(inherited)",
					"$(PLATFORM_DIR)/Developer/Library/Frameworks",
				);
				HEADER_SEARCH_PATHS = "$(inherited)";
				INFOPLIST_FILE = KituraAPI.xcodeproj/KituraTemplateEngine_Info.plist;
				LD_RUNPATH_SEARCH_PATHS = "$(TOOLCHAIN_DIR)/usr/lib/swift/macosx";
				OTHER_LDFLAGS = "$(inherited)";
				OTHER_SWIFT_FLAGS = "$(inherited)";
				PRODUCT_BUNDLE_IDENTIFIER = KituraTemplateEngine;
				PRODUCT_MODULE_NAME = "$(TARGET_NAME:c99extidentifier)";
				PRODUCT_NAME = "$(TARGET_NAME:c99extidentifier)";
				SKIP_INSTALL = YES;
				TARGET_NAME = KituraTemplateEngine;
			};
			name = Release;
		};
		OBJ_237 /* Debug */ = {
			isa = XCBuildConfiguration;
			buildSettings = {
				ENABLE_TESTABILITY = YES;
				FRAMEWORK_SEARCH_PATHS = (
					"$(inherited)",
					"$(PLATFORM_DIR)/Developer/Library/Frameworks",
				);
				HEADER_SEARCH_PATHS = (
					"$(inherited)",
					"$(SRCROOT)/.build/checkouts/CCurl.git-8026296523752779197",
					"$(SRCROOT)/.build/checkouts/Kitura-net.git--7410958935072501107/Sources/CHTTPParser/include",
				);
				INFOPLIST_FILE = KituraAPI.xcodeproj/Kitura_Info.plist;
				LD_RUNPATH_SEARCH_PATHS = "$(TOOLCHAIN_DIR)/usr/lib/swift/macosx";
				LIBRARY_SEARCH_PATHS = "$(PROJECT_TEMP_DIR)/SymlinkLibs/";
				OTHER_LDFLAGS = "$(inherited)";
				OTHER_SWIFT_FLAGS = "$(inherited) -Xcc -fmodule-map-file=$(SRCROOT)/.build/checkouts/Kitura-net.git--7410958935072501107/Sources/CHTTPParser/include/module.modulemap";
				PRODUCT_BUNDLE_IDENTIFIER = Kitura;
				PRODUCT_MODULE_NAME = "$(TARGET_NAME:c99extidentifier)";
				PRODUCT_NAME = "$(TARGET_NAME:c99extidentifier)";
				SKIP_INSTALL = YES;
				TARGET_NAME = Kitura;
			};
			name = Debug;
		};
		OBJ_238 /* Release */ = {
			isa = XCBuildConfiguration;
			buildSettings = {
				ENABLE_TESTABILITY = YES;
				FRAMEWORK_SEARCH_PATHS = (
					"$(inherited)",
					"$(PLATFORM_DIR)/Developer/Library/Frameworks",
				);
				HEADER_SEARCH_PATHS = (
					"$(inherited)",
					"$(SRCROOT)/.build/checkouts/CCurl.git-8026296523752779197",
					"$(SRCROOT)/.build/checkouts/Kitura-net.git--7410958935072501107/Sources/CHTTPParser/include",
				);
				INFOPLIST_FILE = KituraAPI.xcodeproj/Kitura_Info.plist;
				LD_RUNPATH_SEARCH_PATHS = "$(TOOLCHAIN_DIR)/usr/lib/swift/macosx";
				LIBRARY_SEARCH_PATHS = "$(PROJECT_TEMP_DIR)/SymlinkLibs/";
				OTHER_LDFLAGS = "$(inherited)";
				OTHER_SWIFT_FLAGS = "$(inherited) -Xcc -fmodule-map-file=$(SRCROOT)/.build/checkouts/Kitura-net.git--7410958935072501107/Sources/CHTTPParser/include/module.modulemap";
				PRODUCT_BUNDLE_IDENTIFIER = Kitura;
				PRODUCT_MODULE_NAME = "$(TARGET_NAME:c99extidentifier)";
				PRODUCT_NAME = "$(TARGET_NAME:c99extidentifier)";
				SKIP_INSTALL = YES;
				TARGET_NAME = Kitura;
			};
			name = Release;
		};
		OBJ_3 /* Debug */ = {
			isa = XCBuildConfiguration;
			buildSettings = {
				CLANG_ENABLE_OBJC_ARC = YES;
				COMBINE_HIDPI_IMAGES = YES;
				COPY_PHASE_STRIP = NO;
				DEBUG_INFORMATION_FORMAT = dwarf;
				DYLIB_INSTALL_NAME_BASE = "@rpath";
				ENABLE_NS_ASSERTIONS = YES;
				GCC_OPTIMIZATION_LEVEL = 0;
				MACOSX_DEPLOYMENT_TARGET = 10.10;
				ONLY_ACTIVE_ARCH = YES;
				OTHER_SWIFT_FLAGS = "-DXcode";
				PRODUCT_NAME = "$(TARGET_NAME)";
				SDKROOT = macosx;
				SUPPORTED_PLATFORMS = "macosx iphoneos iphonesimulator appletvos appletvsimulator watchos watchsimulator";
				SWIFT_ACTIVE_COMPILATION_CONDITIONS = SWIFT_PACKAGE;
				SWIFT_OPTIMIZATION_LEVEL = "-Onone";
				SWIFT_VERSION = 3.0;
				USE_HEADERMAP = NO;
			};
			name = Debug;
		};
		OBJ_300 /* Debug */ = {
			isa = XCBuildConfiguration;
			buildSettings = {
				FRAMEWORK_SEARCH_PATHS = (
					"$(inherited)",
					"$(PLATFORM_DIR)/Developer/Library/Frameworks",
				);
				HEADER_SEARCH_PATHS = (
					"$(inherited)",
					"$(SRCROOT)/.build/checkouts/CCurl.git-8026296523752779197",
					"$(SRCROOT)/.build/checkouts/Kitura-net.git--7410958935072501107/Sources/CHTTPParser/include",
				);
				INFOPLIST_FILE = KituraAPI.xcodeproj/KituraAPI_Info.plist;
				LD_RUNPATH_SEARCH_PATHS = "$(TOOLCHAIN_DIR)/usr/lib/swift/macosx @executable_path";
				LIBRARY_SEARCH_PATHS = "$(PROJECT_TEMP_DIR)/SymlinkLibs/";
				OTHER_LDFLAGS = "$(inherited)";
				OTHER_SWIFT_FLAGS = "$(inherited) -Xcc -fmodule-map-file=$(SRCROOT)/.build/checkouts/Kitura-net.git--7410958935072501107/Sources/CHTTPParser/include/module.modulemap";
				SWIFT_FORCE_DYNAMIC_LINK_STDLIB = YES;
				SWIFT_FORCE_STATIC_LINK_STDLIB = NO;
				TARGET_NAME = KituraAPI;
			};
			name = Debug;
		};
		OBJ_301 /* Release */ = {
			isa = XCBuildConfiguration;
			buildSettings = {
				FRAMEWORK_SEARCH_PATHS = (
					"$(inherited)",
					"$(PLATFORM_DIR)/Developer/Library/Frameworks",
				);
				HEADER_SEARCH_PATHS = (
					"$(inherited)",
					"$(SRCROOT)/.build/checkouts/CCurl.git-8026296523752779197",
					"$(SRCROOT)/.build/checkouts/Kitura-net.git--7410958935072501107/Sources/CHTTPParser/include",
				);
				INFOPLIST_FILE = KituraAPI.xcodeproj/KituraAPI_Info.plist;
				LD_RUNPATH_SEARCH_PATHS = "$(TOOLCHAIN_DIR)/usr/lib/swift/macosx @executable_path";
				LIBRARY_SEARCH_PATHS = "$(PROJECT_TEMP_DIR)/SymlinkLibs/";
				OTHER_LDFLAGS = "$(inherited)";
				OTHER_SWIFT_FLAGS = "$(inherited) -Xcc -fmodule-map-file=$(SRCROOT)/.build/checkouts/Kitura-net.git--7410958935072501107/Sources/CHTTPParser/include/module.modulemap";
				SWIFT_FORCE_DYNAMIC_LINK_STDLIB = YES;
				SWIFT_FORCE_STATIC_LINK_STDLIB = NO;
				TARGET_NAME = KituraAPI;
			};
			name = Release;
		};
		OBJ_4 /* Release */ = {
			isa = XCBuildConfiguration;
			buildSettings = {
				CLANG_ENABLE_OBJC_ARC = YES;
				COMBINE_HIDPI_IMAGES = YES;
				COPY_PHASE_STRIP = YES;
				DEBUG_INFORMATION_FORMAT = "dwarf-with-dsym";
				DYLIB_INSTALL_NAME_BASE = "@rpath";
				GCC_OPTIMIZATION_LEVEL = s;
				MACOSX_DEPLOYMENT_TARGET = 10.10;
				OTHER_SWIFT_FLAGS = "-DXcode";
				PRODUCT_NAME = "$(TARGET_NAME)";
				SDKROOT = macosx;
				SUPPORTED_PLATFORMS = "macosx iphoneos iphonesimulator appletvos appletvsimulator watchos watchsimulator";
				SWIFT_ACTIVE_COMPILATION_CONDITIONS = SWIFT_PACKAGE;
				SWIFT_OPTIMIZATION_LEVEL = "-Owholemodule";
				SWIFT_VERSION = 3.0;
				USE_HEADERMAP = NO;
			};
			name = Release;
		};
/* End XCBuildConfiguration section */

/* Begin XCConfigurationList section */
		OBJ_133 /* Build configuration list for PBXNativeTarget "LoggerAPI" */ = {
			isa = XCConfigurationList;
			buildConfigurations = (
				OBJ_134 /* Debug */,
				OBJ_135 /* Release */,
			);
			defaultConfigurationIsVisible = 0;
			defaultConfigurationName = Debug;
		};
		OBJ_140 /* Build configuration list for PBXNativeTarget "Socket" */ = {
			isa = XCConfigurationList;
			buildConfigurations = (
				OBJ_141 /* Debug */,
				OBJ_142 /* Release */,
			);
			defaultConfigurationIsVisible = 0;
			defaultConfigurationName = Debug;
		};
		OBJ_149 /* Build configuration list for PBXNativeTarget "SSLService" */ = {
			isa = XCConfigurationList;
			buildConfigurations = (
				OBJ_150 /* Debug */,
				OBJ_151 /* Release */,
			);
			defaultConfigurationIsVisible = 0;
			defaultConfigurationName = Debug;
		};
		OBJ_158 /* Build configuration list for PBXNativeTarget "KituraNet" */ = {
			isa = XCConfigurationList;
			buildConfigurations = (
				OBJ_159 /* Debug */,
				OBJ_160 /* Release */,
			);
			defaultConfigurationIsVisible = 0;
			defaultConfigurationName = Debug;
		};
		OBJ_2 /* Build configuration list for PBXProject "KituraAPI" */ = {
			isa = XCConfigurationList;
			buildConfigurations = (
				OBJ_3 /* Debug */,
				OBJ_4 /* Release */,
			);
			defaultConfigurationIsVisible = 0;
			defaultConfigurationName = Debug;
		};
		OBJ_206 /* Build configuration list for PBXNativeTarget "CHTTPParser" */ = {
			isa = XCConfigurationList;
			buildConfigurations = (
				OBJ_207 /* Debug */,
				OBJ_208 /* Release */,
			);
			defaultConfigurationIsVisible = 0;
			defaultConfigurationName = Debug;
		};
		OBJ_221 /* Build configuration list for PBXNativeTarget "SwiftyJSON" */ = {
			isa = XCConfigurationList;
			buildConfigurations = (
				OBJ_222 /* Debug */,
				OBJ_223 /* Release */,
			);
			defaultConfigurationIsVisible = 0;
			defaultConfigurationName = Debug;
		};
		OBJ_229 /* Build configuration list for PBXNativeTarget "KituraTemplateEngine" */ = {
			isa = XCConfigurationList;
			buildConfigurations = (
				OBJ_230 /* Debug */,
				OBJ_231 /* Release */,
			);
			defaultConfigurationIsVisible = 0;
			defaultConfigurationName = Debug;
		};
		OBJ_236 /* Build configuration list for PBXNativeTarget "Kitura" */ = {
			isa = XCConfigurationList;
			buildConfigurations = (
				OBJ_237 /* Debug */,
				OBJ_238 /* Release */,
			);
			defaultConfigurationIsVisible = 0;
			defaultConfigurationName = Debug;
		};
		OBJ_299 /* Build configuration list for PBXNativeTarget "KituraAPI" */ = {
			isa = XCConfigurationList;
			buildConfigurations = (
				OBJ_300 /* Debug */,
				OBJ_301 /* Release */,
			);
			defaultConfigurationIsVisible = 0;
			defaultConfigurationName = Debug;
		};
/* End XCConfigurationList section */
	};
	rootObject = OBJ_1 /* Project object */;
}
